// !$*UTF8*$!
{
	archiveVersion = 1;
	classes = {
	};
	objectVersion = 46;
	objects = {

/* Begin PBXBuildFile section */
		823F36E71CFEBBB100F19B1A /* MyCustomersViewController.m in Sources */ = {isa = PBXBuildFile; fileRef = 823F36E61CFEBBB100F19B1A /* MyCustomersViewController.m */; };
		823F36ED1CFEBE5600F19B1A /* CalculatorViewController.m in Sources */ = {isa = PBXBuildFile; fileRef = 823F36EC1CFEBE5600F19B1A /* CalculatorViewController.m */; };
		823F36F31CFEBED800F19B1A /* ChangePwdViewController.m in Sources */ = {isa = PBXBuildFile; fileRef = 823F36F21CFEBED800F19B1A /* ChangePwdViewController.m */; };
		823F36F61CFEBEFE00F19B1A /* MyInfoViewController.m in Sources */ = {isa = PBXBuildFile; fileRef = 823F36F51CFEBEFE00F19B1A /* MyInfoViewController.m */; };
		823F371A1D000C3500F19B1A /* SeniorSearchViewController.m in Sources */ = {isa = PBXBuildFile; fileRef = 823F37191D000C3500F19B1A /* SeniorSearchViewController.m */; };
		823F372F1D00239800F19B1A /* TYAlertController+TransitionAnimate.m in Sources */ = {isa = PBXBuildFile; fileRef = 823F371C1D00239800F19B1A /* TYAlertController+TransitionAnimate.m */; };
		823F37301D00239800F19B1A /* TYAlertController.m in Sources */ = {isa = PBXBuildFile; fileRef = 823F371E1D00239800F19B1A /* TYAlertController.m */; };
		823F37311D00239800F19B1A /* TYAlertDropDownAnimation.m in Sources */ = {isa = PBXBuildFile; fileRef = 823F37201D00239800F19B1A /* TYAlertDropDownAnimation.m */; };
		823F37321D00239800F19B1A /* TYAlertFadeAnimation.m in Sources */ = {isa = PBXBuildFile; fileRef = 823F37221D00239800F19B1A /* TYAlertFadeAnimation.m */; };
		823F37331D00239800F19B1A /* TYAlertScaleFadeAnimation.m in Sources */ = {isa = PBXBuildFile; fileRef = 823F37241D00239800F19B1A /* TYAlertScaleFadeAnimation.m */; };
		823F37341D00239800F19B1A /* TYAlertView.m in Sources */ = {isa = PBXBuildFile; fileRef = 823F37261D00239800F19B1A /* TYAlertView.m */; };
		823F37351D00239800F19B1A /* TYBaseAnimation.m in Sources */ = {isa = PBXBuildFile; fileRef = 823F37281D00239800F19B1A /* TYBaseAnimation.m */; };
		823F37361D00239800F19B1A /* TYShowAlertView.m in Sources */ = {isa = PBXBuildFile; fileRef = 823F372A1D00239800F19B1A /* TYShowAlertView.m */; };
		823F37371D00239800F19B1A /* UIView+TYAlertView.m in Sources */ = {isa = PBXBuildFile; fileRef = 823F372C1D00239800F19B1A /* UIView+TYAlertView.m */; };
		823F37381D00239800F19B1A /* UIView+TYAutoLayout.m in Sources */ = {isa = PBXBuildFile; fileRef = 823F372E1D00239800F19B1A /* UIView+TYAutoLayout.m */; };
		823F37741D0110F300F19B1A /* NSCalendar+ST.m in Sources */ = {isa = PBXBuildFile; fileRef = 823F37661D0110F300F19B1A /* NSCalendar+ST.m */; };
		823F37751D0110F300F19B1A /* STPickerDate.m in Sources */ = {isa = PBXBuildFile; fileRef = 823F37681D0110F300F19B1A /* STPickerDate.m */; };
		823F37761D0110F300F19B1A /* STConst.m in Sources */ = {isa = PBXBuildFile; fileRef = 823F376C1D0110F300F19B1A /* STConst.m */; };
		823F37771D0110F300F19B1A /* STUI.m in Sources */ = {isa = PBXBuildFile; fileRef = 823F376E1D0110F300F19B1A /* STUI.m */; };
		823F37781D0110F300F19B1A /* UIView+ST.m in Sources */ = {isa = PBXBuildFile; fileRef = 823F37701D0110F300F19B1A /* UIView+ST.m */; };
		823F37791D0110F300F19B1A /* STPickerView.m in Sources */ = {isa = PBXBuildFile; fileRef = 823F37731D0110F300F19B1A /* STPickerView.m */; };
		823F377C1D01538900F19B1A /* ContactsTableViewCell.m in Sources */ = {isa = PBXBuildFile; fileRef = 823F377B1D01538900F19B1A /* ContactsTableViewCell.m */; };
		823F37AA1D05080700F19B1A /* MJRefreshAutoFooter.m in Sources */ = {isa = PBXBuildFile; fileRef = 823F37801D05080700F19B1A /* MJRefreshAutoFooter.m */; };
		823F37AB1D05080700F19B1A /* MJRefreshBackFooter.m in Sources */ = {isa = PBXBuildFile; fileRef = 823F37821D05080700F19B1A /* MJRefreshBackFooter.m */; };
		823F37AC1D05080700F19B1A /* MJRefreshComponent.m in Sources */ = {isa = PBXBuildFile; fileRef = 823F37841D05080700F19B1A /* MJRefreshComponent.m */; };
		823F37AD1D05080700F19B1A /* MJRefreshFooter.m in Sources */ = {isa = PBXBuildFile; fileRef = 823F37861D05080700F19B1A /* MJRefreshFooter.m */; };
		823F37AE1D05080700F19B1A /* MJRefreshHeader.m in Sources */ = {isa = PBXBuildFile; fileRef = 823F37881D05080700F19B1A /* MJRefreshHeader.m */; };
		823F37AF1D05080700F19B1A /* MJRefreshAutoGifFooter.m in Sources */ = {isa = PBXBuildFile; fileRef = 823F378D1D05080700F19B1A /* MJRefreshAutoGifFooter.m */; };
		823F37B01D05080700F19B1A /* MJRefreshAutoNormalFooter.m in Sources */ = {isa = PBXBuildFile; fileRef = 823F378F1D05080700F19B1A /* MJRefreshAutoNormalFooter.m */; };
		823F37B11D05080700F19B1A /* MJRefreshAutoStateFooter.m in Sources */ = {isa = PBXBuildFile; fileRef = 823F37911D05080700F19B1A /* MJRefreshAutoStateFooter.m */; };
		823F37B21D05080700F19B1A /* MJRefreshBackGifFooter.m in Sources */ = {isa = PBXBuildFile; fileRef = 823F37941D05080700F19B1A /* MJRefreshBackGifFooter.m */; };
		823F37B31D05080700F19B1A /* MJRefreshBackNormalFooter.m in Sources */ = {isa = PBXBuildFile; fileRef = 823F37961D05080700F19B1A /* MJRefreshBackNormalFooter.m */; };
		823F37B41D05080700F19B1A /* MJRefreshBackStateFooter.m in Sources */ = {isa = PBXBuildFile; fileRef = 823F37981D05080700F19B1A /* MJRefreshBackStateFooter.m */; };
		823F37B51D05080700F19B1A /* MJRefreshGifHeader.m in Sources */ = {isa = PBXBuildFile; fileRef = 823F379B1D05080700F19B1A /* MJRefreshGifHeader.m */; };
		823F37B61D05080700F19B1A /* MJRefreshNormalHeader.m in Sources */ = {isa = PBXBuildFile; fileRef = 823F379D1D05080700F19B1A /* MJRefreshNormalHeader.m */; };
		823F37B71D05080700F19B1A /* MJRefreshStateHeader.m in Sources */ = {isa = PBXBuildFile; fileRef = 823F379F1D05080700F19B1A /* MJRefreshStateHeader.m */; };
		823F37B81D05080700F19B1A /* MJRefresh.bundle in Resources */ = {isa = PBXBuildFile; fileRef = 823F37A01D05080700F19B1A /* MJRefresh.bundle */; };
		823F37B91D05080700F19B1A /* MJRefreshConst.m in Sources */ = {isa = PBXBuildFile; fileRef = 823F37A31D05080700F19B1A /* MJRefreshConst.m */; };
		823F37BA1D05080700F19B1A /* UIScrollView+MJExtension.m in Sources */ = {isa = PBXBuildFile; fileRef = 823F37A51D05080700F19B1A /* UIScrollView+MJExtension.m */; };
		823F37BB1D05080700F19B1A /* UIScrollView+MJRefresh.m in Sources */ = {isa = PBXBuildFile; fileRef = 823F37A71D05080700F19B1A /* UIScrollView+MJRefresh.m */; };
		823F37BC1D05080700F19B1A /* UIView+MJExtension.m in Sources */ = {isa = PBXBuildFile; fileRef = 823F37A91D05080700F19B1A /* UIView+MJExtension.m */; };
		823F37BF1D05185400F19B1A /* DetailViewController.m in Sources */ = {isa = PBXBuildFile; fileRef = 823F37BE1D05185400F19B1A /* DetailViewController.m */; };
		823F37F01D0670B600F19B1A /* IQNSArray+Sort.m in Sources */ = {isa = PBXBuildFile; fileRef = 823F37CD1D0670B600F19B1A /* IQNSArray+Sort.m */; };
		823F37F11D0670B600F19B1A /* IQUIScrollView+Additions.m in Sources */ = {isa = PBXBuildFile; fileRef = 823F37CF1D0670B600F19B1A /* IQUIScrollView+Additions.m */; };
		823F37F21D0670B600F19B1A /* IQUITextFieldView+Additions.m in Sources */ = {isa = PBXBuildFile; fileRef = 823F37D11D0670B600F19B1A /* IQUITextFieldView+Additions.m */; };
		823F37F31D0670B600F19B1A /* IQUIView+Hierarchy.m in Sources */ = {isa = PBXBuildFile; fileRef = 823F37D31D0670B600F19B1A /* IQUIView+Hierarchy.m */; };
		823F37F41D0670B600F19B1A /* IQUIViewController+Additions.m in Sources */ = {isa = PBXBuildFile; fileRef = 823F37D51D0670B600F19B1A /* IQUIViewController+Additions.m */; };
		823F37F51D0670B600F19B1A /* IQUIWindow+Hierarchy.m in Sources */ = {isa = PBXBuildFile; fileRef = 823F37D71D0670B600F19B1A /* IQUIWindow+Hierarchy.m */; };
		823F37F61D0670B600F19B1A /* IQKeyboardManager.m in Sources */ = {isa = PBXBuildFile; fileRef = 823F37DC1D0670B600F19B1A /* IQKeyboardManager.m */; };
		823F37F71D0670B600F19B1A /* IQKeyboardReturnKeyHandler.m in Sources */ = {isa = PBXBuildFile; fileRef = 823F37DE1D0670B600F19B1A /* IQKeyboardReturnKeyHandler.m */; };
		823F37F81D0670B600F19B1A /* IQTextView.m in Sources */ = {isa = PBXBuildFile; fileRef = 823F37E11D0670B600F19B1A /* IQTextView.m */; };
		823F37F91D0670B600F19B1A /* IQBarButtonItem.m in Sources */ = {isa = PBXBuildFile; fileRef = 823F37E41D0670B600F19B1A /* IQBarButtonItem.m */; };
		823F37FA1D0670B600F19B1A /* IQPreviousNextView.m in Sources */ = {isa = PBXBuildFile; fileRef = 823F37E61D0670B600F19B1A /* IQPreviousNextView.m */; };
		823F37FB1D0670B600F19B1A /* IQTitleBarButtonItem.m in Sources */ = {isa = PBXBuildFile; fileRef = 823F37E81D0670B600F19B1A /* IQTitleBarButtonItem.m */; };
		823F37FC1D0670B600F19B1A /* IQToolbar.m in Sources */ = {isa = PBXBuildFile; fileRef = 823F37EA1D0670B600F19B1A /* IQToolbar.m */; };
		823F37FD1D0670B600F19B1A /* IQUIView+IQKeyboardToolbar.m in Sources */ = {isa = PBXBuildFile; fileRef = 823F37EC1D0670B600F19B1A /* IQUIView+IQKeyboardToolbar.m */; };
		823F37FE1D0670B600F19B1A /* IQKeyboardManager.bundle in Resources */ = {isa = PBXBuildFile; fileRef = 823F37EF1D0670B600F19B1A /* IQKeyboardManager.bundle */; };
		823F38011D06753700F19B1A /* LoginViewController.m in Sources */ = {isa = PBXBuildFile; fileRef = 823F38001D06753700F19B1A /* LoginViewController.m */; };
		823F381D1D068EE000F19B1A /* Info.plist in Resources */ = {isa = PBXBuildFile; fileRef = 823F38031D068EE000F19B1A /* Info.plist */; };
		823F381E1D068EE000F19B1A /* MASCompositeConstraint.m in Sources */ = {isa = PBXBuildFile; fileRef = 823F38051D068EE000F19B1A /* MASCompositeConstraint.m */; };
		823F381F1D068EE000F19B1A /* MASConstraint.m in Sources */ = {isa = PBXBuildFile; fileRef = 823F38081D068EE000F19B1A /* MASConstraint.m */; };
		823F38201D068EE000F19B1A /* MASConstraintMaker.m in Sources */ = {isa = PBXBuildFile; fileRef = 823F380A1D068EE000F19B1A /* MASConstraintMaker.m */; };
		823F38211D068EE000F19B1A /* MASLayoutConstraint.m in Sources */ = {isa = PBXBuildFile; fileRef = 823F380C1D068EE000F19B1A /* MASLayoutConstraint.m */; };
		823F38221D068EE000F19B1A /* MASViewAttribute.m in Sources */ = {isa = PBXBuildFile; fileRef = 823F38101D068EE000F19B1A /* MASViewAttribute.m */; };
		823F38231D068EE000F19B1A /* MASViewConstraint.m in Sources */ = {isa = PBXBuildFile; fileRef = 823F38121D068EE000F19B1A /* MASViewConstraint.m */; };
		823F38241D068EE000F19B1A /* NSArray+MASAdditions.m in Sources */ = {isa = PBXBuildFile; fileRef = 823F38141D068EE000F19B1A /* NSArray+MASAdditions.m */; };
		823F38251D068EE000F19B1A /* NSLayoutConstraint+MASDebugAdditions.m in Sources */ = {isa = PBXBuildFile; fileRef = 823F38171D068EE000F19B1A /* NSLayoutConstraint+MASDebugAdditions.m */; };
		823F38261D068EE000F19B1A /* View+MASAdditions.m in Sources */ = {isa = PBXBuildFile; fileRef = 823F38191D068EE000F19B1A /* View+MASAdditions.m */; };
		823F38271D068EE000F19B1A /* ViewController+MASAdditions.m in Sources */ = {isa = PBXBuildFile; fileRef = 823F381C1D068EE000F19B1A /* ViewController+MASAdditions.m */; };
		827E9D2D1CFE848C002F94EC /* main.m in Sources */ = {isa = PBXBuildFile; fileRef = 827E9D2C1CFE848C002F94EC /* main.m */; };
		827E9D301CFE848C002F94EC /* AppDelegate.m in Sources */ = {isa = PBXBuildFile; fileRef = 827E9D2F1CFE848C002F94EC /* AppDelegate.m */; };
		827E9D331CFE848C002F94EC /* ViewController.m in Sources */ = {isa = PBXBuildFile; fileRef = 827E9D321CFE848C002F94EC /* ViewController.m */; };
		827E9D361CFE848C002F94EC /* Main.storyboard in Resources */ = {isa = PBXBuildFile; fileRef = 827E9D341CFE848C002F94EC /* Main.storyboard */; };
		827E9D381CFE848C002F94EC /* Assets.xcassets in Resources */ = {isa = PBXBuildFile; fileRef = 827E9D371CFE848C002F94EC /* Assets.xcassets */; };
		827E9D3B1CFE848C002F94EC /* LaunchScreen.storyboard in Resources */ = {isa = PBXBuildFile; fileRef = 827E9D391CFE848C002F94EC /* LaunchScreen.storyboard */; };
		827E9D461CFE848D002F94EC /* EstateSalesTests.m in Sources */ = {isa = PBXBuildFile; fileRef = 827E9D451CFE848D002F94EC /* EstateSalesTests.m */; };
		827E9D511CFE848D002F94EC /* EstateSalesUITests.m in Sources */ = {isa = PBXBuildFile; fileRef = 827E9D501CFE848D002F94EC /* EstateSalesUITests.m */; };
		827E9D6F1CFE876C002F94EC /* BaseViewController.m in Sources */ = {isa = PBXBuildFile; fileRef = 827E9D6E1CFE876C002F94EC /* BaseViewController.m */; };
		827E9D721CFE8785002F94EC /* TabBarViewController.m in Sources */ = {isa = PBXBuildFile; fileRef = 827E9D711CFE8785002F94EC /* TabBarViewController.m */; };
		827E9D751CFE87B1002F94EC /* TaskViewController.m in Sources */ = {isa = PBXBuildFile; fileRef = 827E9D741CFE87B1002F94EC /* TaskViewController.m */; };
		827E9D781CFE87BB002F94EC /* MoreViewController.m in Sources */ = {isa = PBXBuildFile; fileRef = 827E9D771CFE87BB002F94EC /* MoreViewController.m */; };
		827E9D7B1CFE87C8002F94EC /* ContactsViewController.m in Sources */ = {isa = PBXBuildFile; fileRef = 827E9D7A1CFE87C8002F94EC /* ContactsViewController.m */; };
/* End PBXBuildFile section */

/* Begin PBXContainerItemProxy section */
		827E9D421CFE848D002F94EC /* PBXContainerItemProxy */ = {
			isa = PBXContainerItemProxy;
			containerPortal = 827E9D201CFE848C002F94EC /* Project object */;
			proxyType = 1;
			remoteGlobalIDString = 827E9D271CFE848C002F94EC;
			remoteInfo = EstateSales;
		};
		827E9D4D1CFE848D002F94EC /* PBXContainerItemProxy */ = {
			isa = PBXContainerItemProxy;
			containerPortal = 827E9D201CFE848C002F94EC /* Project object */;
			proxyType = 1;
			remoteGlobalIDString = 827E9D271CFE848C002F94EC;
			remoteInfo = EstateSales;
		};
/* End PBXContainerItemProxy section */

/* Begin PBXFileReference section */
		823F36E41CFEAE1300F19B1A /* pch.pch */ = {isa = PBXFileReference; fileEncoding = 4; lastKnownFileType = sourcecode.c.h; path = pch.pch; sourceTree = "<group>"; };
		823F36E51CFEBBB100F19B1A /* MyCustomersViewController.h */ = {isa = PBXFileReference; fileEncoding = 4; lastKnownFileType = sourcecode.c.h; path = MyCustomersViewController.h; sourceTree = "<group>"; };
		823F36E61CFEBBB100F19B1A /* MyCustomersViewController.m */ = {isa = PBXFileReference; fileEncoding = 4; lastKnownFileType = sourcecode.c.objc; path = MyCustomersViewController.m; sourceTree = "<group>"; };
		823F36EB1CFEBE5600F19B1A /* CalculatorViewController.h */ = {isa = PBXFileReference; fileEncoding = 4; lastKnownFileType = sourcecode.c.h; path = CalculatorViewController.h; sourceTree = "<group>"; };
		823F36EC1CFEBE5600F19B1A /* CalculatorViewController.m */ = {isa = PBXFileReference; fileEncoding = 4; lastKnownFileType = sourcecode.c.objc; path = CalculatorViewController.m; sourceTree = "<group>"; };
		823F36F11CFEBED800F19B1A /* ChangePwdViewController.h */ = {isa = PBXFileReference; fileEncoding = 4; lastKnownFileType = sourcecode.c.h; path = ChangePwdViewController.h; sourceTree = "<group>"; };
		823F36F21CFEBED800F19B1A /* ChangePwdViewController.m */ = {isa = PBXFileReference; fileEncoding = 4; lastKnownFileType = sourcecode.c.objc; path = ChangePwdViewController.m; sourceTree = "<group>"; };
		823F36F41CFEBEFE00F19B1A /* MyInfoViewController.h */ = {isa = PBXFileReference; fileEncoding = 4; lastKnownFileType = sourcecode.c.h; path = MyInfoViewController.h; sourceTree = "<group>"; };
		823F36F51CFEBEFE00F19B1A /* MyInfoViewController.m */ = {isa = PBXFileReference; fileEncoding = 4; lastKnownFileType = sourcecode.c.objc; path = MyInfoViewController.m; sourceTree = "<group>"; };
		823F37181D000C3500F19B1A /* SeniorSearchViewController.h */ = {isa = PBXFileReference; fileEncoding = 4; lastKnownFileType = sourcecode.c.h; path = SeniorSearchViewController.h; sourceTree = "<group>"; };
		823F37191D000C3500F19B1A /* SeniorSearchViewController.m */ = {isa = PBXFileReference; fileEncoding = 4; lastKnownFileType = sourcecode.c.objc; path = SeniorSearchViewController.m; sourceTree = "<group>"; };
		823F371C1D00239800F19B1A /* TYAlertController+TransitionAnimate.m */ = {isa = PBXFileReference; fileEncoding = 4; lastKnownFileType = sourcecode.c.objc; path = "TYAlertController+TransitionAnimate.m"; sourceTree = "<group>"; };
		823F371D1D00239800F19B1A /* TYAlertController.h */ = {isa = PBXFileReference; fileEncoding = 4; lastKnownFileType = sourcecode.c.h; path = TYAlertController.h; sourceTree = "<group>"; };
		823F371E1D00239800F19B1A /* TYAlertController.m */ = {isa = PBXFileReference; fileEncoding = 4; lastKnownFileType = sourcecode.c.objc; path = TYAlertController.m; sourceTree = "<group>"; };
		823F371F1D00239800F19B1A /* TYAlertDropDownAnimation.h */ = {isa = PBXFileReference; fileEncoding = 4; lastKnownFileType = sourcecode.c.h; path = TYAlertDropDownAnimation.h; sourceTree = "<group>"; };
		823F37201D00239800F19B1A /* TYAlertDropDownAnimation.m */ = {isa = PBXFileReference; fileEncoding = 4; lastKnownFileType = sourcecode.c.objc; path = TYAlertDropDownAnimation.m; sourceTree = "<group>"; };
		823F37211D00239800F19B1A /* TYAlertFadeAnimation.h */ = {isa = PBXFileReference; fileEncoding = 4; lastKnownFileType = sourcecode.c.h; path = TYAlertFadeAnimation.h; sourceTree = "<group>"; };
		823F37221D00239800F19B1A /* TYAlertFadeAnimation.m */ = {isa = PBXFileReference; fileEncoding = 4; lastKnownFileType = sourcecode.c.objc; path = TYAlertFadeAnimation.m; sourceTree = "<group>"; };
		823F37231D00239800F19B1A /* TYAlertScaleFadeAnimation.h */ = {isa = PBXFileReference; fileEncoding = 4; lastKnownFileType = sourcecode.c.h; path = TYAlertScaleFadeAnimation.h; sourceTree = "<group>"; };
		823F37241D00239800F19B1A /* TYAlertScaleFadeAnimation.m */ = {isa = PBXFileReference; fileEncoding = 4; lastKnownFileType = sourcecode.c.objc; path = TYAlertScaleFadeAnimation.m; sourceTree = "<group>"; };
		823F37251D00239800F19B1A /* TYAlertView.h */ = {isa = PBXFileReference; fileEncoding = 4; lastKnownFileType = sourcecode.c.h; path = TYAlertView.h; sourceTree = "<group>"; };
		823F37261D00239800F19B1A /* TYAlertView.m */ = {isa = PBXFileReference; fileEncoding = 4; lastKnownFileType = sourcecode.c.objc; path = TYAlertView.m; sourceTree = "<group>"; };
		823F37271D00239800F19B1A /* TYBaseAnimation.h */ = {isa = PBXFileReference; fileEncoding = 4; lastKnownFileType = sourcecode.c.h; path = TYBaseAnimation.h; sourceTree = "<group>"; };
		823F37281D00239800F19B1A /* TYBaseAnimation.m */ = {isa = PBXFileReference; fileEncoding = 4; lastKnownFileType = sourcecode.c.objc; path = TYBaseAnimation.m; sourceTree = "<group>"; };
		823F37291D00239800F19B1A /* TYShowAlertView.h */ = {isa = PBXFileReference; fileEncoding = 4; lastKnownFileType = sourcecode.c.h; path = TYShowAlertView.h; sourceTree = "<group>"; };
		823F372A1D00239800F19B1A /* TYShowAlertView.m */ = {isa = PBXFileReference; fileEncoding = 4; lastKnownFileType = sourcecode.c.objc; path = TYShowAlertView.m; sourceTree = "<group>"; };
		823F372B1D00239800F19B1A /* UIView+TYAlertView.h */ = {isa = PBXFileReference; fileEncoding = 4; lastKnownFileType = sourcecode.c.h; path = "UIView+TYAlertView.h"; sourceTree = "<group>"; };
		823F372C1D00239800F19B1A /* UIView+TYAlertView.m */ = {isa = PBXFileReference; fileEncoding = 4; lastKnownFileType = sourcecode.c.objc; path = "UIView+TYAlertView.m"; sourceTree = "<group>"; };
		823F372D1D00239800F19B1A /* UIView+TYAutoLayout.h */ = {isa = PBXFileReference; fileEncoding = 4; lastKnownFileType = sourcecode.c.h; path = "UIView+TYAutoLayout.h"; sourceTree = "<group>"; };
		823F372E1D00239800F19B1A /* UIView+TYAutoLayout.m */ = {isa = PBXFileReference; fileEncoding = 4; lastKnownFileType = sourcecode.c.objc; path = "UIView+TYAutoLayout.m"; sourceTree = "<group>"; };
		823F37651D0110F300F19B1A /* NSCalendar+ST.h */ = {isa = PBXFileReference; fileEncoding = 4; lastKnownFileType = sourcecode.c.h; path = "NSCalendar+ST.h"; sourceTree = "<group>"; };
		823F37661D0110F300F19B1A /* NSCalendar+ST.m */ = {isa = PBXFileReference; fileEncoding = 4; lastKnownFileType = sourcecode.c.objc; path = "NSCalendar+ST.m"; sourceTree = "<group>"; };
		823F37671D0110F300F19B1A /* STPickerDate.h */ = {isa = PBXFileReference; fileEncoding = 4; lastKnownFileType = sourcecode.c.h; path = STPickerDate.h; sourceTree = "<group>"; };
		823F37681D0110F300F19B1A /* STPickerDate.m */ = {isa = PBXFileReference; fileEncoding = 4; lastKnownFileType = sourcecode.c.objc; path = STPickerDate.m; sourceTree = "<group>"; };
		823F376A1D0110F300F19B1A /* STConfig.h */ = {isa = PBXFileReference; fileEncoding = 4; lastKnownFileType = sourcecode.c.h; path = STConfig.h; sourceTree = "<group>"; };
		823F376B1D0110F300F19B1A /* STConst.h */ = {isa = PBXFileReference; fileEncoding = 4; lastKnownFileType = sourcecode.c.h; path = STConst.h; sourceTree = "<group>"; };
		823F376C1D0110F300F19B1A /* STConst.m */ = {isa = PBXFileReference; fileEncoding = 4; lastKnownFileType = sourcecode.c.objc; path = STConst.m; sourceTree = "<group>"; };
		823F376D1D0110F300F19B1A /* STUI.h */ = {isa = PBXFileReference; fileEncoding = 4; lastKnownFileType = sourcecode.c.h; path = STUI.h; sourceTree = "<group>"; };
		823F376E1D0110F300F19B1A /* STUI.m */ = {isa = PBXFileReference; fileEncoding = 4; lastKnownFileType = sourcecode.c.objc; path = STUI.m; sourceTree = "<group>"; };
		823F376F1D0110F300F19B1A /* UIView+ST.h */ = {isa = PBXFileReference; fileEncoding = 4; lastKnownFileType = sourcecode.c.h; path = "UIView+ST.h"; sourceTree = "<group>"; };
		823F37701D0110F300F19B1A /* UIView+ST.m */ = {isa = PBXFileReference; fileEncoding = 4; lastKnownFileType = sourcecode.c.objc; path = "UIView+ST.m"; sourceTree = "<group>"; };
		823F37721D0110F300F19B1A /* STPickerView.h */ = {isa = PBXFileReference; fileEncoding = 4; lastKnownFileType = sourcecode.c.h; path = STPickerView.h; sourceTree = "<group>"; };
		823F37731D0110F300F19B1A /* STPickerView.m */ = {isa = PBXFileReference; fileEncoding = 4; lastKnownFileType = sourcecode.c.objc; path = STPickerView.m; sourceTree = "<group>"; };
		823F377A1D01538900F19B1A /* ContactsTableViewCell.h */ = {isa = PBXFileReference; fileEncoding = 4; lastKnownFileType = sourcecode.c.h; path = ContactsTableViewCell.h; sourceTree = "<group>"; };
		823F377B1D01538900F19B1A /* ContactsTableViewCell.m */ = {isa = PBXFileReference; fileEncoding = 4; lastKnownFileType = sourcecode.c.objc; path = ContactsTableViewCell.m; sourceTree = "<group>"; };
		823F377F1D05080700F19B1A /* MJRefreshAutoFooter.h */ = {isa = PBXFileReference; fileEncoding = 4; lastKnownFileType = sourcecode.c.h; path = MJRefreshAutoFooter.h; sourceTree = "<group>"; };
		823F37801D05080700F19B1A /* MJRefreshAutoFooter.m */ = {isa = PBXFileReference; fileEncoding = 4; lastKnownFileType = sourcecode.c.objc; path = MJRefreshAutoFooter.m; sourceTree = "<group>"; };
		823F37811D05080700F19B1A /* MJRefreshBackFooter.h */ = {isa = PBXFileReference; fileEncoding = 4; lastKnownFileType = sourcecode.c.h; path = MJRefreshBackFooter.h; sourceTree = "<group>"; };
		823F37821D05080700F19B1A /* MJRefreshBackFooter.m */ = {isa = PBXFileReference; fileEncoding = 4; lastKnownFileType = sourcecode.c.objc; path = MJRefreshBackFooter.m; sourceTree = "<group>"; };
		823F37831D05080700F19B1A /* MJRefreshComponent.h */ = {isa = PBXFileReference; fileEncoding = 4; lastKnownFileType = sourcecode.c.h; path = MJRefreshComponent.h; sourceTree = "<group>"; };
		823F37841D05080700F19B1A /* MJRefreshComponent.m */ = {isa = PBXFileReference; fileEncoding = 4; lastKnownFileType = sourcecode.c.objc; path = MJRefreshComponent.m; sourceTree = "<group>"; };
		823F37851D05080700F19B1A /* MJRefreshFooter.h */ = {isa = PBXFileReference; fileEncoding = 4; lastKnownFileType = sourcecode.c.h; path = MJRefreshFooter.h; sourceTree = "<group>"; };
		823F37861D05080700F19B1A /* MJRefreshFooter.m */ = {isa = PBXFileReference; fileEncoding = 4; lastKnownFileType = sourcecode.c.objc; path = MJRefreshFooter.m; sourceTree = "<group>"; };
		823F37871D05080700F19B1A /* MJRefreshHeader.h */ = {isa = PBXFileReference; fileEncoding = 4; lastKnownFileType = sourcecode.c.h; path = MJRefreshHeader.h; sourceTree = "<group>"; };
		823F37881D05080700F19B1A /* MJRefreshHeader.m */ = {isa = PBXFileReference; fileEncoding = 4; lastKnownFileType = sourcecode.c.objc; path = MJRefreshHeader.m; sourceTree = "<group>"; };
		823F378C1D05080700F19B1A /* MJRefreshAutoGifFooter.h */ = {isa = PBXFileReference; fileEncoding = 4; lastKnownFileType = sourcecode.c.h; path = MJRefreshAutoGifFooter.h; sourceTree = "<group>"; };
		823F378D1D05080700F19B1A /* MJRefreshAutoGifFooter.m */ = {isa = PBXFileReference; fileEncoding = 4; lastKnownFileType = sourcecode.c.objc; path = MJRefreshAutoGifFooter.m; sourceTree = "<group>"; };
		823F378E1D05080700F19B1A /* MJRefreshAutoNormalFooter.h */ = {isa = PBXFileReference; fileEncoding = 4; lastKnownFileType = sourcecode.c.h; path = MJRefreshAutoNormalFooter.h; sourceTree = "<group>"; };
		823F378F1D05080700F19B1A /* MJRefreshAutoNormalFooter.m */ = {isa = PBXFileReference; fileEncoding = 4; lastKnownFileType = sourcecode.c.objc; path = MJRefreshAutoNormalFooter.m; sourceTree = "<group>"; };
		823F37901D05080700F19B1A /* MJRefreshAutoStateFooter.h */ = {isa = PBXFileReference; fileEncoding = 4; lastKnownFileType = sourcecode.c.h; path = MJRefreshAutoStateFooter.h; sourceTree = "<group>"; };
		823F37911D05080700F19B1A /* MJRefreshAutoStateFooter.m */ = {isa = PBXFileReference; fileEncoding = 4; lastKnownFileType = sourcecode.c.objc; path = MJRefreshAutoStateFooter.m; sourceTree = "<group>"; };
		823F37931D05080700F19B1A /* MJRefreshBackGifFooter.h */ = {isa = PBXFileReference; fileEncoding = 4; lastKnownFileType = sourcecode.c.h; path = MJRefreshBackGifFooter.h; sourceTree = "<group>"; };
		823F37941D05080700F19B1A /* MJRefreshBackGifFooter.m */ = {isa = PBXFileReference; fileEncoding = 4; lastKnownFileType = sourcecode.c.objc; path = MJRefreshBackGifFooter.m; sourceTree = "<group>"; };
		823F37951D05080700F19B1A /* MJRefreshBackNormalFooter.h */ = {isa = PBXFileReference; fileEncoding = 4; lastKnownFileType = sourcecode.c.h; path = MJRefreshBackNormalFooter.h; sourceTree = "<group>"; };
		823F37961D05080700F19B1A /* MJRefreshBackNormalFooter.m */ = {isa = PBXFileReference; fileEncoding = 4; lastKnownFileType = sourcecode.c.objc; path = MJRefreshBackNormalFooter.m; sourceTree = "<group>"; };
		823F37971D05080700F19B1A /* MJRefreshBackStateFooter.h */ = {isa = PBXFileReference; fileEncoding = 4; lastKnownFileType = sourcecode.c.h; path = MJRefreshBackStateFooter.h; sourceTree = "<group>"; };
		823F37981D05080700F19B1A /* MJRefreshBackStateFooter.m */ = {isa = PBXFileReference; fileEncoding = 4; lastKnownFileType = sourcecode.c.objc; path = MJRefreshBackStateFooter.m; sourceTree = "<group>"; };
		823F379A1D05080700F19B1A /* MJRefreshGifHeader.h */ = {isa = PBXFileReference; fileEncoding = 4; lastKnownFileType = sourcecode.c.h; path = MJRefreshGifHeader.h; sourceTree = "<group>"; };
		823F379B1D05080700F19B1A /* MJRefreshGifHeader.m */ = {isa = PBXFileReference; fileEncoding = 4; lastKnownFileType = sourcecode.c.objc; path = MJRefreshGifHeader.m; sourceTree = "<group>"; };
		823F379C1D05080700F19B1A /* MJRefreshNormalHeader.h */ = {isa = PBXFileReference; fileEncoding = 4; lastKnownFileType = sourcecode.c.h; path = MJRefreshNormalHeader.h; sourceTree = "<group>"; };
		823F379D1D05080700F19B1A /* MJRefreshNormalHeader.m */ = {isa = PBXFileReference; fileEncoding = 4; lastKnownFileType = sourcecode.c.objc; path = MJRefreshNormalHeader.m; sourceTree = "<group>"; };
		823F379E1D05080700F19B1A /* MJRefreshStateHeader.h */ = {isa = PBXFileReference; fileEncoding = 4; lastKnownFileType = sourcecode.c.h; path = MJRefreshStateHeader.h; sourceTree = "<group>"; };
		823F379F1D05080700F19B1A /* MJRefreshStateHeader.m */ = {isa = PBXFileReference; fileEncoding = 4; lastKnownFileType = sourcecode.c.objc; path = MJRefreshStateHeader.m; sourceTree = "<group>"; };
		823F37A01D05080700F19B1A /* MJRefresh.bundle */ = {isa = PBXFileReference; lastKnownFileType = "wrapper.plug-in"; path = MJRefresh.bundle; sourceTree = "<group>"; };
		823F37A11D05080700F19B1A /* MJRefresh.h */ = {isa = PBXFileReference; fileEncoding = 4; lastKnownFileType = sourcecode.c.h; path = MJRefresh.h; sourceTree = "<group>"; };
		823F37A21D05080700F19B1A /* MJRefreshConst.h */ = {isa = PBXFileReference; fileEncoding = 4; lastKnownFileType = sourcecode.c.h; path = MJRefreshConst.h; sourceTree = "<group>"; };
		823F37A31D05080700F19B1A /* MJRefreshConst.m */ = {isa = PBXFileReference; fileEncoding = 4; lastKnownFileType = sourcecode.c.objc; path = MJRefreshConst.m; sourceTree = "<group>"; };
		823F37A41D05080700F19B1A /* UIScrollView+MJExtension.h */ = {isa = PBXFileReference; fileEncoding = 4; lastKnownFileType = sourcecode.c.h; path = "UIScrollView+MJExtension.h"; sourceTree = "<group>"; };
		823F37A51D05080700F19B1A /* UIScrollView+MJExtension.m */ = {isa = PBXFileReference; fileEncoding = 4; lastKnownFileType = sourcecode.c.objc; path = "UIScrollView+MJExtension.m"; sourceTree = "<group>"; };
		823F37A61D05080700F19B1A /* UIScrollView+MJRefresh.h */ = {isa = PBXFileReference; fileEncoding = 4; lastKnownFileType = sourcecode.c.h; path = "UIScrollView+MJRefresh.h"; sourceTree = "<group>"; };
		823F37A71D05080700F19B1A /* UIScrollView+MJRefresh.m */ = {isa = PBXFileReference; fileEncoding = 4; lastKnownFileType = sourcecode.c.objc; path = "UIScrollView+MJRefresh.m"; sourceTree = "<group>"; };
		823F37A81D05080700F19B1A /* UIView+MJExtension.h */ = {isa = PBXFileReference; fileEncoding = 4; lastKnownFileType = sourcecode.c.h; path = "UIView+MJExtension.h"; sourceTree = "<group>"; };
		823F37A91D05080700F19B1A /* UIView+MJExtension.m */ = {isa = PBXFileReference; fileEncoding = 4; lastKnownFileType = sourcecode.c.objc; path = "UIView+MJExtension.m"; sourceTree = "<group>"; };
		823F37BD1D05185400F19B1A /* DetailViewController.h */ = {isa = PBXFileReference; fileEncoding = 4; lastKnownFileType = sourcecode.c.h; path = DetailViewController.h; sourceTree = "<group>"; };
		823F37BE1D05185400F19B1A /* DetailViewController.m */ = {isa = PBXFileReference; fileEncoding = 4; lastKnownFileType = sourcecode.c.objc; path = DetailViewController.m; sourceTree = "<group>"; };
		823F37CC1D0670B600F19B1A /* IQNSArray+Sort.h */ = {isa = PBXFileReference; fileEncoding = 4; lastKnownFileType = sourcecode.c.h; path = "IQNSArray+Sort.h"; sourceTree = "<group>"; };
		823F37CD1D0670B600F19B1A /* IQNSArray+Sort.m */ = {isa = PBXFileReference; fileEncoding = 4; lastKnownFileType = sourcecode.c.objc; path = "IQNSArray+Sort.m"; sourceTree = "<group>"; };
		823F37CE1D0670B600F19B1A /* IQUIScrollView+Additions.h */ = {isa = PBXFileReference; fileEncoding = 4; lastKnownFileType = sourcecode.c.h; path = "IQUIScrollView+Additions.h"; sourceTree = "<group>"; };
		823F37CF1D0670B600F19B1A /* IQUIScrollView+Additions.m */ = {isa = PBXFileReference; fileEncoding = 4; lastKnownFileType = sourcecode.c.objc; path = "IQUIScrollView+Additions.m"; sourceTree = "<group>"; };
		823F37D01D0670B600F19B1A /* IQUITextFieldView+Additions.h */ = {isa = PBXFileReference; fileEncoding = 4; lastKnownFileType = sourcecode.c.h; path = "IQUITextFieldView+Additions.h"; sourceTree = "<group>"; };
		823F37D11D0670B600F19B1A /* IQUITextFieldView+Additions.m */ = {isa = PBXFileReference; fileEncoding = 4; lastKnownFileType = sourcecode.c.objc; path = "IQUITextFieldView+Additions.m"; sourceTree = "<group>"; };
		823F37D21D0670B600F19B1A /* IQUIView+Hierarchy.h */ = {isa = PBXFileReference; fileEncoding = 4; lastKnownFileType = sourcecode.c.h; path = "IQUIView+Hierarchy.h"; sourceTree = "<group>"; };
		823F37D31D0670B600F19B1A /* IQUIView+Hierarchy.m */ = {isa = PBXFileReference; fileEncoding = 4; lastKnownFileType = sourcecode.c.objc; path = "IQUIView+Hierarchy.m"; sourceTree = "<group>"; };
		823F37D41D0670B600F19B1A /* IQUIViewController+Additions.h */ = {isa = PBXFileReference; fileEncoding = 4; lastKnownFileType = sourcecode.c.h; path = "IQUIViewController+Additions.h"; sourceTree = "<group>"; };
		823F37D51D0670B600F19B1A /* IQUIViewController+Additions.m */ = {isa = PBXFileReference; fileEncoding = 4; lastKnownFileType = sourcecode.c.objc; path = "IQUIViewController+Additions.m"; sourceTree = "<group>"; };
		823F37D61D0670B600F19B1A /* IQUIWindow+Hierarchy.h */ = {isa = PBXFileReference; fileEncoding = 4; lastKnownFileType = sourcecode.c.h; path = "IQUIWindow+Hierarchy.h"; sourceTree = "<group>"; };
		823F37D71D0670B600F19B1A /* IQUIWindow+Hierarchy.m */ = {isa = PBXFileReference; fileEncoding = 4; lastKnownFileType = sourcecode.c.objc; path = "IQUIWindow+Hierarchy.m"; sourceTree = "<group>"; };
		823F37D91D0670B600F19B1A /* IQKeyboardManagerConstants.h */ = {isa = PBXFileReference; fileEncoding = 4; lastKnownFileType = sourcecode.c.h; path = IQKeyboardManagerConstants.h; sourceTree = "<group>"; };
		823F37DA1D0670B600F19B1A /* IQKeyboardManagerConstantsInternal.h */ = {isa = PBXFileReference; fileEncoding = 4; lastKnownFileType = sourcecode.c.h; path = IQKeyboardManagerConstantsInternal.h; sourceTree = "<group>"; };
		823F37DB1D0670B600F19B1A /* IQKeyboardManager.h */ = {isa = PBXFileReference; fileEncoding = 4; lastKnownFileType = sourcecode.c.h; path = IQKeyboardManager.h; sourceTree = "<group>"; };
		823F37DC1D0670B600F19B1A /* IQKeyboardManager.m */ = {isa = PBXFileReference; fileEncoding = 4; lastKnownFileType = sourcecode.c.objc; path = IQKeyboardManager.m; sourceTree = "<group>"; };
		823F37DD1D0670B600F19B1A /* IQKeyboardReturnKeyHandler.h */ = {isa = PBXFileReference; fileEncoding = 4; lastKnownFileType = sourcecode.c.h; path = IQKeyboardReturnKeyHandler.h; sourceTree = "<group>"; };
		823F37DE1D0670B600F19B1A /* IQKeyboardReturnKeyHandler.m */ = {isa = PBXFileReference; fileEncoding = 4; lastKnownFileType = sourcecode.c.objc; path = IQKeyboardReturnKeyHandler.m; sourceTree = "<group>"; };
		823F37E01D0670B600F19B1A /* IQTextView.h */ = {isa = PBXFileReference; fileEncoding = 4; lastKnownFileType = sourcecode.c.h; path = IQTextView.h; sourceTree = "<group>"; };
		823F37E11D0670B600F19B1A /* IQTextView.m */ = {isa = PBXFileReference; fileEncoding = 4; lastKnownFileType = sourcecode.c.objc; path = IQTextView.m; sourceTree = "<group>"; };
		823F37E31D0670B600F19B1A /* IQBarButtonItem.h */ = {isa = PBXFileReference; fileEncoding = 4; lastKnownFileType = sourcecode.c.h; path = IQBarButtonItem.h; sourceTree = "<group>"; };
		823F37E41D0670B600F19B1A /* IQBarButtonItem.m */ = {isa = PBXFileReference; fileEncoding = 4; lastKnownFileType = sourcecode.c.objc; path = IQBarButtonItem.m; sourceTree = "<group>"; };
		823F37E51D0670B600F19B1A /* IQPreviousNextView.h */ = {isa = PBXFileReference; fileEncoding = 4; lastKnownFileType = sourcecode.c.h; path = IQPreviousNextView.h; sourceTree = "<group>"; };
		823F37E61D0670B600F19B1A /* IQPreviousNextView.m */ = {isa = PBXFileReference; fileEncoding = 4; lastKnownFileType = sourcecode.c.objc; path = IQPreviousNextView.m; sourceTree = "<group>"; };
		823F37E71D0670B600F19B1A /* IQTitleBarButtonItem.h */ = {isa = PBXFileReference; fileEncoding = 4; lastKnownFileType = sourcecode.c.h; path = IQTitleBarButtonItem.h; sourceTree = "<group>"; };
		823F37E81D0670B600F19B1A /* IQTitleBarButtonItem.m */ = {isa = PBXFileReference; fileEncoding = 4; lastKnownFileType = sourcecode.c.objc; path = IQTitleBarButtonItem.m; sourceTree = "<group>"; };
		823F37E91D0670B600F19B1A /* IQToolbar.h */ = {isa = PBXFileReference; fileEncoding = 4; lastKnownFileType = sourcecode.c.h; path = IQToolbar.h; sourceTree = "<group>"; };
		823F37EA1D0670B600F19B1A /* IQToolbar.m */ = {isa = PBXFileReference; fileEncoding = 4; lastKnownFileType = sourcecode.c.objc; path = IQToolbar.m; sourceTree = "<group>"; };
		823F37EB1D0670B600F19B1A /* IQUIView+IQKeyboardToolbar.h */ = {isa = PBXFileReference; fileEncoding = 4; lastKnownFileType = sourcecode.c.h; path = "IQUIView+IQKeyboardToolbar.h"; sourceTree = "<group>"; };
		823F37EC1D0670B600F19B1A /* IQUIView+IQKeyboardToolbar.m */ = {isa = PBXFileReference; fileEncoding = 4; lastKnownFileType = sourcecode.c.objc; path = "IQUIView+IQKeyboardToolbar.m"; sourceTree = "<group>"; };
		823F37ED1D0670B600F19B1A /* KeyboardManager.h */ = {isa = PBXFileReference; fileEncoding = 4; lastKnownFileType = sourcecode.c.h; path = KeyboardManager.h; sourceTree = "<group>"; };
		823F37EF1D0670B600F19B1A /* IQKeyboardManager.bundle */ = {isa = PBXFileReference; lastKnownFileType = "wrapper.plug-in"; path = IQKeyboardManager.bundle; sourceTree = "<group>"; };
		823F37FF1D06753700F19B1A /* LoginViewController.h */ = {isa = PBXFileReference; fileEncoding = 4; lastKnownFileType = sourcecode.c.h; path = LoginViewController.h; sourceTree = "<group>"; };
		823F38001D06753700F19B1A /* LoginViewController.m */ = {isa = PBXFileReference; fileEncoding = 4; lastKnownFileType = sourcecode.c.objc; path = LoginViewController.m; sourceTree = "<group>"; };
		823F38031D068EE000F19B1A /* Info.plist */ = {isa = PBXFileReference; fileEncoding = 4; lastKnownFileType = text.plist.xml; path = Info.plist; sourceTree = "<group>"; };
		823F38041D068EE000F19B1A /* MASCompositeConstraint.h */ = {isa = PBXFileReference; fileEncoding = 4; lastKnownFileType = sourcecode.c.h; path = MASCompositeConstraint.h; sourceTree = "<group>"; };
		823F38051D068EE000F19B1A /* MASCompositeConstraint.m */ = {isa = PBXFileReference; fileEncoding = 4; lastKnownFileType = sourcecode.c.objc; path = MASCompositeConstraint.m; sourceTree = "<group>"; };
		823F38061D068EE000F19B1A /* MASConstraint+Private.h */ = {isa = PBXFileReference; fileEncoding = 4; lastKnownFileType = sourcecode.c.h; path = "MASConstraint+Private.h"; sourceTree = "<group>"; };
		823F38071D068EE000F19B1A /* MASConstraint.h */ = {isa = PBXFileReference; fileEncoding = 4; lastKnownFileType = sourcecode.c.h; path = MASConstraint.h; sourceTree = "<group>"; };
		823F38081D068EE000F19B1A /* MASConstraint.m */ = {isa = PBXFileReference; fileEncoding = 4; lastKnownFileType = sourcecode.c.objc; path = MASConstraint.m; sourceTree = "<group>"; };
		823F38091D068EE000F19B1A /* MASConstraintMaker.h */ = {isa = PBXFileReference; fileEncoding = 4; lastKnownFileType = sourcecode.c.h; path = MASConstraintMaker.h; sourceTree = "<group>"; };
		823F380A1D068EE000F19B1A /* MASConstraintMaker.m */ = {isa = PBXFileReference; fileEncoding = 4; lastKnownFileType = sourcecode.c.objc; path = MASConstraintMaker.m; sourceTree = "<group>"; };
		823F380B1D068EE000F19B1A /* MASLayoutConstraint.h */ = {isa = PBXFileReference; fileEncoding = 4; lastKnownFileType = sourcecode.c.h; path = MASLayoutConstraint.h; sourceTree = "<group>"; };
		823F380C1D068EE000F19B1A /* MASLayoutConstraint.m */ = {isa = PBXFileReference; fileEncoding = 4; lastKnownFileType = sourcecode.c.objc; path = MASLayoutConstraint.m; sourceTree = "<group>"; };
		823F380D1D068EE000F19B1A /* Masonry.h */ = {isa = PBXFileReference; fileEncoding = 4; lastKnownFileType = sourcecode.c.h; path = Masonry.h; sourceTree = "<group>"; };
		823F380E1D068EE000F19B1A /* MASUtilities.h */ = {isa = PBXFileReference; fileEncoding = 4; lastKnownFileType = sourcecode.c.h; path = MASUtilities.h; sourceTree = "<group>"; };
		823F380F1D068EE000F19B1A /* MASViewAttribute.h */ = {isa = PBXFileReference; fileEncoding = 4; lastKnownFileType = sourcecode.c.h; path = MASViewAttribute.h; sourceTree = "<group>"; };
		823F38101D068EE000F19B1A /* MASViewAttribute.m */ = {isa = PBXFileReference; fileEncoding = 4; lastKnownFileType = sourcecode.c.objc; path = MASViewAttribute.m; sourceTree = "<group>"; };
		823F38111D068EE000F19B1A /* MASViewConstraint.h */ = {isa = PBXFileReference; fileEncoding = 4; lastKnownFileType = sourcecode.c.h; path = MASViewConstraint.h; sourceTree = "<group>"; };
		823F38121D068EE000F19B1A /* MASViewConstraint.m */ = {isa = PBXFileReference; fileEncoding = 4; lastKnownFileType = sourcecode.c.objc; path = MASViewConstraint.m; sourceTree = "<group>"; };
		823F38131D068EE000F19B1A /* NSArray+MASAdditions.h */ = {isa = PBXFileReference; fileEncoding = 4; lastKnownFileType = sourcecode.c.h; path = "NSArray+MASAdditions.h"; sourceTree = "<group>"; };
		823F38141D068EE000F19B1A /* NSArray+MASAdditions.m */ = {isa = PBXFileReference; fileEncoding = 4; lastKnownFileType = sourcecode.c.objc; path = "NSArray+MASAdditions.m"; sourceTree = "<group>"; };
		823F38151D068EE000F19B1A /* NSArray+MASShorthandAdditions.h */ = {isa = PBXFileReference; fileEncoding = 4; lastKnownFileType = sourcecode.c.h; path = "NSArray+MASShorthandAdditions.h"; sourceTree = "<group>"; };
		823F38161D068EE000F19B1A /* NSLayoutConstraint+MASDebugAdditions.h */ = {isa = PBXFileReference; fileEncoding = 4; lastKnownFileType = sourcecode.c.h; path = "NSLayoutConstraint+MASDebugAdditions.h"; sourceTree = "<group>"; };
		823F38171D068EE000F19B1A /* NSLayoutConstraint+MASDebugAdditions.m */ = {isa = PBXFileReference; fileEncoding = 4; lastKnownFileType = sourcecode.c.objc; path = "NSLayoutConstraint+MASDebugAdditions.m"; sourceTree = "<group>"; };
		823F38181D068EE000F19B1A /* View+MASAdditions.h */ = {isa = PBXFileReference; fileEncoding = 4; lastKnownFileType = sourcecode.c.h; path = "View+MASAdditions.h"; sourceTree = "<group>"; };
		823F38191D068EE000F19B1A /* View+MASAdditions.m */ = {isa = PBXFileReference; fileEncoding = 4; lastKnownFileType = sourcecode.c.objc; path = "View+MASAdditions.m"; sourceTree = "<group>"; };
		823F381A1D068EE000F19B1A /* View+MASShorthandAdditions.h */ = {isa = PBXFileReference; fileEncoding = 4; lastKnownFileType = sourcecode.c.h; path = "View+MASShorthandAdditions.h"; sourceTree = "<group>"; };
		823F381B1D068EE000F19B1A /* ViewController+MASAdditions.h */ = {isa = PBXFileReference; fileEncoding = 4; lastKnownFileType = sourcecode.c.h; path = "ViewController+MASAdditions.h"; sourceTree = "<group>"; };
		823F381C1D068EE000F19B1A /* ViewController+MASAdditions.m */ = {isa = PBXFileReference; fileEncoding = 4; lastKnownFileType = sourcecode.c.objc; path = "ViewController+MASAdditions.m"; sourceTree = "<group>"; };
		827E9D281CFE848C002F94EC /* EstateSales.app */ = {isa = PBXFileReference; explicitFileType = wrapper.application; includeInIndex = 0; path = EstateSales.app; sourceTree = BUILT_PRODUCTS_DIR; };
		827E9D2C1CFE848C002F94EC /* main.m */ = {isa = PBXFileReference; lastKnownFileType = sourcecode.c.objc; path = main.m; sourceTree = "<group>"; };
		827E9D2E1CFE848C002F94EC /* AppDelegate.h */ = {isa = PBXFileReference; lastKnownFileType = sourcecode.c.h; path = AppDelegate.h; sourceTree = "<group>"; };
		827E9D2F1CFE848C002F94EC /* AppDelegate.m */ = {isa = PBXFileReference; lastKnownFileType = sourcecode.c.objc; path = AppDelegate.m; sourceTree = "<group>"; };
		827E9D311CFE848C002F94EC /* ViewController.h */ = {isa = PBXFileReference; lastKnownFileType = sourcecode.c.h; path = ViewController.h; sourceTree = "<group>"; };
		827E9D321CFE848C002F94EC /* ViewController.m */ = {isa = PBXFileReference; lastKnownFileType = sourcecode.c.objc; path = ViewController.m; sourceTree = "<group>"; };
		827E9D351CFE848C002F94EC /* Base */ = {isa = PBXFileReference; lastKnownFileType = file.storyboard; name = Base; path = Base.lproj/Main.storyboard; sourceTree = "<group>"; };
		827E9D371CFE848C002F94EC /* Assets.xcassets */ = {isa = PBXFileReference; lastKnownFileType = folder.assetcatalog; path = Assets.xcassets; sourceTree = "<group>"; };
		827E9D3A1CFE848C002F94EC /* Base */ = {isa = PBXFileReference; lastKnownFileType = file.storyboard; name = Base; path = Base.lproj/LaunchScreen.storyboard; sourceTree = "<group>"; };
		827E9D3C1CFE848C002F94EC /* Info.plist */ = {isa = PBXFileReference; lastKnownFileType = text.plist.xml; path = Info.plist; sourceTree = "<group>"; };
		827E9D411CFE848D002F94EC /* EstateSalesTests.xctest */ = {isa = PBXFileReference; explicitFileType = wrapper.cfbundle; includeInIndex = 0; path = EstateSalesTests.xctest; sourceTree = BUILT_PRODUCTS_DIR; };
		827E9D451CFE848D002F94EC /* EstateSalesTests.m */ = {isa = PBXFileReference; lastKnownFileType = sourcecode.c.objc; path = EstateSalesTests.m; sourceTree = "<group>"; };
		827E9D471CFE848D002F94EC /* Info.plist */ = {isa = PBXFileReference; lastKnownFileType = text.plist.xml; path = Info.plist; sourceTree = "<group>"; };
		827E9D4C1CFE848D002F94EC /* EstateSalesUITests.xctest */ = {isa = PBXFileReference; explicitFileType = wrapper.cfbundle; includeInIndex = 0; path = EstateSalesUITests.xctest; sourceTree = BUILT_PRODUCTS_DIR; };
		827E9D501CFE848D002F94EC /* EstateSalesUITests.m */ = {isa = PBXFileReference; lastKnownFileType = sourcecode.c.objc; path = EstateSalesUITests.m; sourceTree = "<group>"; };
		827E9D521CFE848D002F94EC /* Info.plist */ = {isa = PBXFileReference; lastKnownFileType = text.plist.xml; path = Info.plist; sourceTree = "<group>"; };
		827E9D6D1CFE876C002F94EC /* BaseViewController.h */ = {isa = PBXFileReference; fileEncoding = 4; lastKnownFileType = sourcecode.c.h; path = BaseViewController.h; sourceTree = "<group>"; };
		827E9D6E1CFE876C002F94EC /* BaseViewController.m */ = {isa = PBXFileReference; fileEncoding = 4; lastKnownFileType = sourcecode.c.objc; path = BaseViewController.m; sourceTree = "<group>"; };
		827E9D701CFE8785002F94EC /* TabBarViewController.h */ = {isa = PBXFileReference; fileEncoding = 4; lastKnownFileType = sourcecode.c.h; path = TabBarViewController.h; sourceTree = "<group>"; };
		827E9D711CFE8785002F94EC /* TabBarViewController.m */ = {isa = PBXFileReference; fileEncoding = 4; lastKnownFileType = sourcecode.c.objc; path = TabBarViewController.m; sourceTree = "<group>"; };
		827E9D731CFE87B1002F94EC /* TaskViewController.h */ = {isa = PBXFileReference; fileEncoding = 4; lastKnownFileType = sourcecode.c.h; path = TaskViewController.h; sourceTree = "<group>"; };
		827E9D741CFE87B1002F94EC /* TaskViewController.m */ = {isa = PBXFileReference; fileEncoding = 4; lastKnownFileType = sourcecode.c.objc; path = TaskViewController.m; sourceTree = "<group>"; };
		827E9D761CFE87BB002F94EC /* MoreViewController.h */ = {isa = PBXFileReference; fileEncoding = 4; lastKnownFileType = sourcecode.c.h; path = MoreViewController.h; sourceTree = "<group>"; };
		827E9D771CFE87BB002F94EC /* MoreViewController.m */ = {isa = PBXFileReference; fileEncoding = 4; lastKnownFileType = sourcecode.c.objc; path = MoreViewController.m; sourceTree = "<group>"; };
		827E9D791CFE87C8002F94EC /* ContactsViewController.h */ = {isa = PBXFileReference; fileEncoding = 4; lastKnownFileType = sourcecode.c.h; path = ContactsViewController.h; sourceTree = "<group>"; };
		827E9D7A1CFE87C8002F94EC /* ContactsViewController.m */ = {isa = PBXFileReference; fileEncoding = 4; lastKnownFileType = sourcecode.c.objc; path = ContactsViewController.m; sourceTree = "<group>"; };
/* End PBXFileReference section */

/* Begin PBXFrameworksBuildPhase section */
		827E9D251CFE848C002F94EC /* Frameworks */ = {
			isa = PBXFrameworksBuildPhase;
			buildActionMask = 2147483647;
			files = (
			);
			runOnlyForDeploymentPostprocessing = 0;
		};
		827E9D3E1CFE848D002F94EC /* Frameworks */ = {
			isa = PBXFrameworksBuildPhase;
			buildActionMask = 2147483647;
			files = (
			);
			runOnlyForDeploymentPostprocessing = 0;
		};
		827E9D491CFE848D002F94EC /* Frameworks */ = {
			isa = PBXFrameworksBuildPhase;
			buildActionMask = 2147483647;
			files = (
			);
			runOnlyForDeploymentPostprocessing = 0;
		};
/* End PBXFrameworksBuildPhase section */

/* Begin PBXGroup section */
		823F371B1D00239800F19B1A /* TYAlertController */ = {
			isa = PBXGroup;
			children = (
				823F371C1D00239800F19B1A /* TYAlertController+TransitionAnimate.m */,
				823F371D1D00239800F19B1A /* TYAlertController.h */,
				823F371E1D00239800F19B1A /* TYAlertController.m */,
				823F371F1D00239800F19B1A /* TYAlertDropDownAnimation.h */,
				823F37201D00239800F19B1A /* TYAlertDropDownAnimation.m */,
				823F37211D00239800F19B1A /* TYAlertFadeAnimation.h */,
				823F37221D00239800F19B1A /* TYAlertFadeAnimation.m */,
				823F37231D00239800F19B1A /* TYAlertScaleFadeAnimation.h */,
				823F37241D00239800F19B1A /* TYAlertScaleFadeAnimation.m */,
				823F37251D00239800F19B1A /* TYAlertView.h */,
				823F37261D00239800F19B1A /* TYAlertView.m */,
				823F37271D00239800F19B1A /* TYBaseAnimation.h */,
				823F37281D00239800F19B1A /* TYBaseAnimation.m */,
				823F37291D00239800F19B1A /* TYShowAlertView.h */,
				823F372A1D00239800F19B1A /* TYShowAlertView.m */,
				823F372B1D00239800F19B1A /* UIView+TYAlertView.h */,
				823F372C1D00239800F19B1A /* UIView+TYAlertView.m */,
				823F372D1D00239800F19B1A /* UIView+TYAutoLayout.h */,
				823F372E1D00239800F19B1A /* UIView+TYAutoLayout.m */,
			);
			path = TYAlertController;
			sourceTree = "<group>";
		};
		823F37631D0110F300F19B1A /* STPickerViewDate */ = {
			isa = PBXGroup;
			children = (
				823F37641D0110F300F19B1A /* Date(日期) */,
				823F37691D0110F300F19B1A /* STConfig */,
				823F37711D0110F300F19B1A /* STPickerView */,
			);
			path = STPickerViewDate;
			sourceTree = "<group>";
		};
		823F37641D0110F300F19B1A /* Date(日期) */ = {
			isa = PBXGroup;
			children = (
				823F37651D0110F300F19B1A /* NSCalendar+ST.h */,
				823F37661D0110F300F19B1A /* NSCalendar+ST.m */,
				823F37671D0110F300F19B1A /* STPickerDate.h */,
				823F37681D0110F300F19B1A /* STPickerDate.m */,
			);
			path = "Date(日期)";
			sourceTree = "<group>";
		};
		823F37691D0110F300F19B1A /* STConfig */ = {
			isa = PBXGroup;
			children = (
				823F376A1D0110F300F19B1A /* STConfig.h */,
				823F376B1D0110F300F19B1A /* STConst.h */,
				823F376C1D0110F300F19B1A /* STConst.m */,
				823F376D1D0110F300F19B1A /* STUI.h */,
				823F376E1D0110F300F19B1A /* STUI.m */,
				823F376F1D0110F300F19B1A /* UIView+ST.h */,
				823F37701D0110F300F19B1A /* UIView+ST.m */,
			);
			path = STConfig;
			sourceTree = "<group>";
		};
		823F37711D0110F300F19B1A /* STPickerView */ = {
			isa = PBXGroup;
			children = (
				823F37721D0110F300F19B1A /* STPickerView.h */,
				823F37731D0110F300F19B1A /* STPickerView.m */,
			);
			path = STPickerView;
			sourceTree = "<group>";
		};
		823F377D1D05080700F19B1A /* MJRefresh */ = {
			isa = PBXGroup;
			children = (
				823F377E1D05080700F19B1A /* Base */,
				823F37891D05080700F19B1A /* Custom */,
				823F37A01D05080700F19B1A /* MJRefresh.bundle */,
				823F37A11D05080700F19B1A /* MJRefresh.h */,
				823F37A21D05080700F19B1A /* MJRefreshConst.h */,
				823F37A31D05080700F19B1A /* MJRefreshConst.m */,
				823F37A41D05080700F19B1A /* UIScrollView+MJExtension.h */,
				823F37A51D05080700F19B1A /* UIScrollView+MJExtension.m */,
				823F37A61D05080700F19B1A /* UIScrollView+MJRefresh.h */,
				823F37A71D05080700F19B1A /* UIScrollView+MJRefresh.m */,
				823F37A81D05080700F19B1A /* UIView+MJExtension.h */,
				823F37A91D05080700F19B1A /* UIView+MJExtension.m */,
			);
			path = MJRefresh;
			sourceTree = "<group>";
		};
		823F377E1D05080700F19B1A /* Base */ = {
			isa = PBXGroup;
			children = (
				823F377F1D05080700F19B1A /* MJRefreshAutoFooter.h */,
				823F37801D05080700F19B1A /* MJRefreshAutoFooter.m */,
				823F37811D05080700F19B1A /* MJRefreshBackFooter.h */,
				823F37821D05080700F19B1A /* MJRefreshBackFooter.m */,
				823F37831D05080700F19B1A /* MJRefreshComponent.h */,
				823F37841D05080700F19B1A /* MJRefreshComponent.m */,
				823F37851D05080700F19B1A /* MJRefreshFooter.h */,
				823F37861D05080700F19B1A /* MJRefreshFooter.m */,
				823F37871D05080700F19B1A /* MJRefreshHeader.h */,
				823F37881D05080700F19B1A /* MJRefreshHeader.m */,
			);
			path = Base;
			sourceTree = "<group>";
		};
		823F37891D05080700F19B1A /* Custom */ = {
			isa = PBXGroup;
			children = (
				823F378A1D05080700F19B1A /* Footer */,
				823F37991D05080700F19B1A /* Header */,
			);
			path = Custom;
			sourceTree = "<group>";
		};
		823F378A1D05080700F19B1A /* Footer */ = {
			isa = PBXGroup;
			children = (
				823F378B1D05080700F19B1A /* Auto */,
				823F37921D05080700F19B1A /* Back */,
			);
			path = Footer;
			sourceTree = "<group>";
		};
		823F378B1D05080700F19B1A /* Auto */ = {
			isa = PBXGroup;
			children = (
				823F378C1D05080700F19B1A /* MJRefreshAutoGifFooter.h */,
				823F378D1D05080700F19B1A /* MJRefreshAutoGifFooter.m */,
				823F378E1D05080700F19B1A /* MJRefreshAutoNormalFooter.h */,
				823F378F1D05080700F19B1A /* MJRefreshAutoNormalFooter.m */,
				823F37901D05080700F19B1A /* MJRefreshAutoStateFooter.h */,
				823F37911D05080700F19B1A /* MJRefreshAutoStateFooter.m */,
			);
			path = Auto;
			sourceTree = "<group>";
		};
		823F37921D05080700F19B1A /* Back */ = {
			isa = PBXGroup;
			children = (
				823F37931D05080700F19B1A /* MJRefreshBackGifFooter.h */,
				823F37941D05080700F19B1A /* MJRefreshBackGifFooter.m */,
				823F37951D05080700F19B1A /* MJRefreshBackNormalFooter.h */,
				823F37961D05080700F19B1A /* MJRefreshBackNormalFooter.m */,
				823F37971D05080700F19B1A /* MJRefreshBackStateFooter.h */,
				823F37981D05080700F19B1A /* MJRefreshBackStateFooter.m */,
			);
			path = Back;
			sourceTree = "<group>";
		};
		823F37991D05080700F19B1A /* Header */ = {
			isa = PBXGroup;
			children = (
				823F379A1D05080700F19B1A /* MJRefreshGifHeader.h */,
				823F379B1D05080700F19B1A /* MJRefreshGifHeader.m */,
				823F379C1D05080700F19B1A /* MJRefreshNormalHeader.h */,
				823F379D1D05080700F19B1A /* MJRefreshNormalHeader.m */,
				823F379E1D05080700F19B1A /* MJRefreshStateHeader.h */,
				823F379F1D05080700F19B1A /* MJRefreshStateHeader.m */,
			);
			path = Header;
			sourceTree = "<group>";
		};
		823F37CA1D0670B600F19B1A /* IQKeyboardManager */ = {
			isa = PBXGroup;
			children = (
				823F37CB1D0670B600F19B1A /* Categories */,
				823F37D81D0670B600F19B1A /* Constants */,
				823F37DB1D0670B600F19B1A /* IQKeyboardManager.h */,
				823F37DC1D0670B600F19B1A /* IQKeyboardManager.m */,
				823F37DD1D0670B600F19B1A /* IQKeyboardReturnKeyHandler.h */,
				823F37DE1D0670B600F19B1A /* IQKeyboardReturnKeyHandler.m */,
				823F37DF1D0670B600F19B1A /* IQTextView */,
				823F37E21D0670B600F19B1A /* IQToolbar */,
				823F37ED1D0670B600F19B1A /* KeyboardManager.h */,
				823F37EE1D0670B600F19B1A /* Resources */,
			);
			path = IQKeyboardManager;
			sourceTree = "<group>";
		};
		823F37CB1D0670B600F19B1A /* Categories */ = {
			isa = PBXGroup;
			children = (
				823F37CC1D0670B600F19B1A /* IQNSArray+Sort.h */,
				823F37CD1D0670B600F19B1A /* IQNSArray+Sort.m */,
				823F37CE1D0670B600F19B1A /* IQUIScrollView+Additions.h */,
				823F37CF1D0670B600F19B1A /* IQUIScrollView+Additions.m */,
				823F37D01D0670B600F19B1A /* IQUITextFieldView+Additions.h */,
				823F37D11D0670B600F19B1A /* IQUITextFieldView+Additions.m */,
				823F37D21D0670B600F19B1A /* IQUIView+Hierarchy.h */,
				823F37D31D0670B600F19B1A /* IQUIView+Hierarchy.m */,
				823F37D41D0670B600F19B1A /* IQUIViewController+Additions.h */,
				823F37D51D0670B600F19B1A /* IQUIViewController+Additions.m */,
				823F37D61D0670B600F19B1A /* IQUIWindow+Hierarchy.h */,
				823F37D71D0670B600F19B1A /* IQUIWindow+Hierarchy.m */,
			);
			path = Categories;
			sourceTree = "<group>";
		};
		823F37D81D0670B600F19B1A /* Constants */ = {
			isa = PBXGroup;
			children = (
				823F37D91D0670B600F19B1A /* IQKeyboardManagerConstants.h */,
				823F37DA1D0670B600F19B1A /* IQKeyboardManagerConstantsInternal.h */,
			);
			path = Constants;
			sourceTree = "<group>";
		};
		823F37DF1D0670B600F19B1A /* IQTextView */ = {
			isa = PBXGroup;
			children = (
				823F37E01D0670B600F19B1A /* IQTextView.h */,
				823F37E11D0670B600F19B1A /* IQTextView.m */,
			);
			path = IQTextView;
			sourceTree = "<group>";
		};
		823F37E21D0670B600F19B1A /* IQToolbar */ = {
			isa = PBXGroup;
			children = (
				823F37E31D0670B600F19B1A /* IQBarButtonItem.h */,
				823F37E41D0670B600F19B1A /* IQBarButtonItem.m */,
				823F37E51D0670B600F19B1A /* IQPreviousNextView.h */,
				823F37E61D0670B600F19B1A /* IQPreviousNextView.m */,
				823F37E71D0670B600F19B1A /* IQTitleBarButtonItem.h */,
				823F37E81D0670B600F19B1A /* IQTitleBarButtonItem.m */,
				823F37E91D0670B600F19B1A /* IQToolbar.h */,
				823F37EA1D0670B600F19B1A /* IQToolbar.m */,
				823F37EB1D0670B600F19B1A /* IQUIView+IQKeyboardToolbar.h */,
				823F37EC1D0670B600F19B1A /* IQUIView+IQKeyboardToolbar.m */,
			);
			path = IQToolbar;
			sourceTree = "<group>";
		};
		823F37EE1D0670B600F19B1A /* Resources */ = {
			isa = PBXGroup;
			children = (
				823F37EF1D0670B600F19B1A /* IQKeyboardManager.bundle */,
			);
			path = Resources;
			sourceTree = "<group>";
		};
		823F38021D068EE000F19B1A /* Masonry */ = {
			isa = PBXGroup;
			children = (
				823F38031D068EE000F19B1A /* Info.plist */,
				823F38041D068EE000F19B1A /* MASCompositeConstraint.h */,
				823F38051D068EE000F19B1A /* MASCompositeConstraint.m */,
				823F38061D068EE000F19B1A /* MASConstraint+Private.h */,
				823F38071D068EE000F19B1A /* MASConstraint.h */,
				823F38081D068EE000F19B1A /* MASConstraint.m */,
				823F38091D068EE000F19B1A /* MASConstraintMaker.h */,
				823F380A1D068EE000F19B1A /* MASConstraintMaker.m */,
				823F380B1D068EE000F19B1A /* MASLayoutConstraint.h */,
				823F380C1D068EE000F19B1A /* MASLayoutConstraint.m */,
				823F380D1D068EE000F19B1A /* Masonry.h */,
				823F380E1D068EE000F19B1A /* MASUtilities.h */,
				823F380F1D068EE000F19B1A /* MASViewAttribute.h */,
				823F38101D068EE000F19B1A /* MASViewAttribute.m */,
				823F38111D068EE000F19B1A /* MASViewConstraint.h */,
				823F38121D068EE000F19B1A /* MASViewConstraint.m */,
				823F38131D068EE000F19B1A /* NSArray+MASAdditions.h */,
				823F38141D068EE000F19B1A /* NSArray+MASAdditions.m */,
				823F38151D068EE000F19B1A /* NSArray+MASShorthandAdditions.h */,
				823F38161D068EE000F19B1A /* NSLayoutConstraint+MASDebugAdditions.h */,
				823F38171D068EE000F19B1A /* NSLayoutConstraint+MASDebugAdditions.m */,
				823F38181D068EE000F19B1A /* View+MASAdditions.h */,
				823F38191D068EE000F19B1A /* View+MASAdditions.m */,
				823F381A1D068EE000F19B1A /* View+MASShorthandAdditions.h */,
				823F381B1D068EE000F19B1A /* ViewController+MASAdditions.h */,
				823F381C1D068EE000F19B1A /* ViewController+MASAdditions.m */,
			);
			path = Masonry;
			sourceTree = "<group>";
		};
		827E9D1F1CFE848C002F94EC = {
			isa = PBXGroup;
			children = (
				827E9D2A1CFE848C002F94EC /* EstateSales */,
				827E9D441CFE848D002F94EC /* EstateSalesTests */,
				827E9D4F1CFE848D002F94EC /* EstateSalesUITests */,
				827E9D291CFE848C002F94EC /* Products */,
			);
			sourceTree = "<group>";
		};
		827E9D291CFE848C002F94EC /* Products */ = {
			isa = PBXGroup;
			children = (
				827E9D281CFE848C002F94EC /* EstateSales.app */,
				827E9D411CFE848D002F94EC /* EstateSalesTests.xctest */,
				827E9D4C1CFE848D002F94EC /* EstateSalesUITests.xctest */,
			);
			name = Products;
			sourceTree = "<group>";
		};
		827E9D2A1CFE848C002F94EC /* EstateSales */ = {
			isa = PBXGroup;
			children = (
				827E9D6A1CFE85DB002F94EC /* Tool */,
				827E9D5E1CFE85DB002F94EC /* Contacts */,
				827E9D621CFE85DB002F94EC /* More */,
				827E9D661CFE85DB002F94EC /* Task */,
				827E9D2E1CFE848C002F94EC /* AppDelegate.h */,
				827E9D2F1CFE848C002F94EC /* AppDelegate.m */,
				827E9D311CFE848C002F94EC /* ViewController.h */,
				827E9D321CFE848C002F94EC /* ViewController.m */,
				827E9D2B1CFE848C002F94EC /* Supporting Files */,
			);
			path = EstateSales;
			sourceTree = "<group>";
		};
		827E9D2B1CFE848C002F94EC /* Supporting Files */ = {
			isa = PBXGroup;
			children = (
				827E9D341CFE848C002F94EC /* Main.storyboard */,
				827E9D371CFE848C002F94EC /* Assets.xcassets */,
				827E9D391CFE848C002F94EC /* LaunchScreen.storyboard */,
				827E9D3C1CFE848C002F94EC /* Info.plist */,
				827E9D2C1CFE848C002F94EC /* main.m */,
				823F36E41CFEAE1300F19B1A /* pch.pch */,
			);
			name = "Supporting Files";
			sourceTree = "<group>";
		};
		827E9D441CFE848D002F94EC /* EstateSalesTests */ = {
			isa = PBXGroup;
			children = (
				827E9D451CFE848D002F94EC /* EstateSalesTests.m */,
				827E9D471CFE848D002F94EC /* Info.plist */,
			);
			path = EstateSalesTests;
			sourceTree = "<group>";
		};
		827E9D4F1CFE848D002F94EC /* EstateSalesUITests */ = {
			isa = PBXGroup;
			children = (
				827E9D501CFE848D002F94EC /* EstateSalesUITests.m */,
				827E9D521CFE848D002F94EC /* Info.plist */,
			);
			path = EstateSalesUITests;
			sourceTree = "<group>";
		};
		827E9D5E1CFE85DB002F94EC /* Contacts */ = {
			isa = PBXGroup;
			children = (
				827E9D5F1CFE85DB002F94EC /* Model */,
				827E9D601CFE85DB002F94EC /* View */,
				827E9D611CFE85DB002F94EC /* ViewController */,
			);
			path = Contacts;
			sourceTree = "<group>";
		};
		827E9D5F1CFE85DB002F94EC /* Model */ = {
			isa = PBXGroup;
			children = (
			);
			path = Model;
			sourceTree = "<group>";
		};
		827E9D601CFE85DB002F94EC /* View */ = {
			isa = PBXGroup;
			children = (
				823F377A1D01538900F19B1A /* ContactsTableViewCell.h */,
				823F377B1D01538900F19B1A /* ContactsTableViewCell.m */,
			);
			path = View;
			sourceTree = "<group>";
		};
		827E9D611CFE85DB002F94EC /* ViewController */ = {
			isa = PBXGroup;
			children = (
				827E9D791CFE87C8002F94EC /* ContactsViewController.h */,
				827E9D7A1CFE87C8002F94EC /* ContactsViewController.m */,
				823F37181D000C3500F19B1A /* SeniorSearchViewController.h */,
				823F37191D000C3500F19B1A /* SeniorSearchViewController.m */,
				823F37BD1D05185400F19B1A /* DetailViewController.h */,
				823F37BE1D05185400F19B1A /* DetailViewController.m */,
			);
			path = ViewController;
			sourceTree = "<group>";
		};
		827E9D621CFE85DB002F94EC /* More */ = {
			isa = PBXGroup;
			children = (
				827E9D631CFE85DB002F94EC /* Model */,
				827E9D641CFE85DB002F94EC /* View */,
				827E9D651CFE85DB002F94EC /* ViewController */,
			);
			path = More;
			sourceTree = "<group>";
		};
		827E9D631CFE85DB002F94EC /* Model */ = {
			isa = PBXGroup;
			children = (
			);
			path = Model;
			sourceTree = "<group>";
		};
		827E9D641CFE85DB002F94EC /* View */ = {
			isa = PBXGroup;
			children = (
			);
			path = View;
			sourceTree = "<group>";
		};
		827E9D651CFE85DB002F94EC /* ViewController */ = {
			isa = PBXGroup;
			children = (
				827E9D761CFE87BB002F94EC /* MoreViewController.h */,
				827E9D771CFE87BB002F94EC /* MoreViewController.m */,
				823F36E51CFEBBB100F19B1A /* MyCustomersViewController.h */,
				823F36E61CFEBBB100F19B1A /* MyCustomersViewController.m */,
				823F36EB1CFEBE5600F19B1A /* CalculatorViewController.h */,
				823F36EC1CFEBE5600F19B1A /* CalculatorViewController.m */,
				823F36F11CFEBED800F19B1A /* ChangePwdViewController.h */,
				823F36F21CFEBED800F19B1A /* ChangePwdViewController.m */,
				823F36F41CFEBEFE00F19B1A /* MyInfoViewController.h */,
				823F36F51CFEBEFE00F19B1A /* MyInfoViewController.m */,
			);
			path = ViewController;
			sourceTree = "<group>";
		};
		827E9D661CFE85DB002F94EC /* Task */ = {
			isa = PBXGroup;
			children = (
				827E9D671CFE85DB002F94EC /* Model */,
				827E9D681CFE85DB002F94EC /* View */,
				827E9D691CFE85DB002F94EC /* ViewController */,
			);
			path = Task;
			sourceTree = "<group>";
		};
		827E9D671CFE85DB002F94EC /* Model */ = {
			isa = PBXGroup;
			children = (
			);
			path = Model;
			sourceTree = "<group>";
		};
		827E9D681CFE85DB002F94EC /* View */ = {
			isa = PBXGroup;
			children = (
			);
			path = View;
			sourceTree = "<group>";
		};
		827E9D691CFE85DB002F94EC /* ViewController */ = {
			isa = PBXGroup;
			children = (
				827E9D731CFE87B1002F94EC /* TaskViewController.h */,
				827E9D741CFE87B1002F94EC /* TaskViewController.m */,
			);
			path = ViewController;
			sourceTree = "<group>";
		};
		827E9D6A1CFE85DB002F94EC /* Tool */ = {
			isa = PBXGroup;
			children = (
				827E9D6C1CFE8613002F94EC /* Main */,
				827E9D6B1CFE85DB002F94EC /* Lib */,
			);
			path = Tool;
			sourceTree = "<group>";
		};
		827E9D6B1CFE85DB002F94EC /* Lib */ = {
			isa = PBXGroup;
			children = (
				823F38021D068EE000F19B1A /* Masonry */,
				823F37CA1D0670B600F19B1A /* IQKeyboardManager */,
				823F377D1D05080700F19B1A /* MJRefresh */,
				823F37631D0110F300F19B1A /* STPickerViewDate */,
				823F371B1D00239800F19B1A /* TYAlertController */,
			);
			path = Lib;
			sourceTree = "<group>";
		};
		827E9D6C1CFE8613002F94EC /* Main */ = {
			isa = PBXGroup;
			children = (
				827E9D6D1CFE876C002F94EC /* BaseViewController.h */,
				827E9D6E1CFE876C002F94EC /* BaseViewController.m */,
				827E9D701CFE8785002F94EC /* TabBarViewController.h */,
				827E9D711CFE8785002F94EC /* TabBarViewController.m */,
				823F37FF1D06753700F19B1A /* LoginViewController.h */,
				823F38001D06753700F19B1A /* LoginViewController.m */,
			);
			path = Main;
			sourceTree = "<group>";
		};
/* End PBXGroup section */

/* Begin PBXNativeTarget section */
		827E9D271CFE848C002F94EC /* EstateSales */ = {
			isa = PBXNativeTarget;
			buildConfigurationList = 827E9D551CFE848D002F94EC /* Build configuration list for PBXNativeTarget "EstateSales" */;
			buildPhases = (
				827E9D241CFE848C002F94EC /* Sources */,
				827E9D251CFE848C002F94EC /* Frameworks */,
				827E9D261CFE848C002F94EC /* Resources */,
			);
			buildRules = (
			);
			dependencies = (
			);
			name = EstateSales;
			productName = EstateSales;
			productReference = 827E9D281CFE848C002F94EC /* EstateSales.app */;
			productType = "com.apple.product-type.application";
		};
		827E9D401CFE848D002F94EC /* EstateSalesTests */ = {
			isa = PBXNativeTarget;
			buildConfigurationList = 827E9D581CFE848D002F94EC /* Build configuration list for PBXNativeTarget "EstateSalesTests" */;
			buildPhases = (
				827E9D3D1CFE848D002F94EC /* Sources */,
				827E9D3E1CFE848D002F94EC /* Frameworks */,
				827E9D3F1CFE848D002F94EC /* Resources */,
			);
			buildRules = (
			);
			dependencies = (
				827E9D431CFE848D002F94EC /* PBXTargetDependency */,
			);
			name = EstateSalesTests;
			productName = EstateSalesTests;
			productReference = 827E9D411CFE848D002F94EC /* EstateSalesTests.xctest */;
			productType = "com.apple.product-type.bundle.unit-test";
		};
		827E9D4B1CFE848D002F94EC /* EstateSalesUITests */ = {
			isa = PBXNativeTarget;
			buildConfigurationList = 827E9D5B1CFE848D002F94EC /* Build configuration list for PBXNativeTarget "EstateSalesUITests" */;
			buildPhases = (
				827E9D481CFE848D002F94EC /* Sources */,
				827E9D491CFE848D002F94EC /* Frameworks */,
				827E9D4A1CFE848D002F94EC /* Resources */,
			);
			buildRules = (
			);
			dependencies = (
				827E9D4E1CFE848D002F94EC /* PBXTargetDependency */,
			);
			name = EstateSalesUITests;
			productName = EstateSalesUITests;
			productReference = 827E9D4C1CFE848D002F94EC /* EstateSalesUITests.xctest */;
			productType = "com.apple.product-type.bundle.ui-testing";
		};
/* End PBXNativeTarget section */

/* Begin PBXProject section */
		827E9D201CFE848C002F94EC /* Project object */ = {
			isa = PBXProject;
			attributes = {
				LastUpgradeCheck = 0730;
				ORGANIZATIONNAME = "Jose Zhu";
				TargetAttributes = {
					827E9D271CFE848C002F94EC = {
						CreatedOnToolsVersion = 7.3;
					};
					827E9D401CFE848D002F94EC = {
						CreatedOnToolsVersion = 7.3;
						TestTargetID = 827E9D271CFE848C002F94EC;
					};
					827E9D4B1CFE848D002F94EC = {
						CreatedOnToolsVersion = 7.3;
						TestTargetID = 827E9D271CFE848C002F94EC;
					};
				};
			};
			buildConfigurationList = 827E9D231CFE848C002F94EC /* Build configuration list for PBXProject "EstateSales" */;
			compatibilityVersion = "Xcode 3.2";
			developmentRegion = English;
			hasScannedForEncodings = 0;
			knownRegions = (
				en,
				Base,
			);
			mainGroup = 827E9D1F1CFE848C002F94EC;
			productRefGroup = 827E9D291CFE848C002F94EC /* Products */;
			projectDirPath = "";
			projectRoot = "";
			targets = (
				827E9D271CFE848C002F94EC /* EstateSales */,
				827E9D401CFE848D002F94EC /* EstateSalesTests */,
				827E9D4B1CFE848D002F94EC /* EstateSalesUITests */,
			);
		};
/* End PBXProject section */

/* Begin PBXResourcesBuildPhase section */
		827E9D261CFE848C002F94EC /* Resources */ = {
			isa = PBXResourcesBuildPhase;
			buildActionMask = 2147483647;
			files = (
				823F37FE1D0670B600F19B1A /* IQKeyboardManager.bundle in Resources */,
				827E9D3B1CFE848C002F94EC /* LaunchScreen.storyboard in Resources */,
				823F381D1D068EE000F19B1A /* Info.plist in Resources */,
				827E9D381CFE848C002F94EC /* Assets.xcassets in Resources */,
				823F37B81D05080700F19B1A /* MJRefresh.bundle in Resources */,
				827E9D361CFE848C002F94EC /* Main.storyboard in Resources */,
			);
			runOnlyForDeploymentPostprocessing = 0;
		};
		827E9D3F1CFE848D002F94EC /* Resources */ = {
			isa = PBXResourcesBuildPhase;
			buildActionMask = 2147483647;
			files = (
			);
			runOnlyForDeploymentPostprocessing = 0;
		};
		827E9D4A1CFE848D002F94EC /* Resources */ = {
			isa = PBXResourcesBuildPhase;
			buildActionMask = 2147483647;
			files = (
			);
			runOnlyForDeploymentPostprocessing = 0;
		};
/* End PBXResourcesBuildPhase section */

/* Begin PBXSourcesBuildPhase section */
		827E9D241CFE848C002F94EC /* Sources */ = {
			isa = PBXSourcesBuildPhase;
			buildActionMask = 2147483647;
			files = (
				827E9D721CFE8785002F94EC /* TabBarViewController.m in Sources */,
				823F37B61D05080700F19B1A /* MJRefreshNormalHeader.m in Sources */,
				827E9D7B1CFE87C8002F94EC /* ContactsViewController.m in Sources */,
				823F37B41D05080700F19B1A /* MJRefreshBackStateFooter.m in Sources */,
				823F381E1D068EE000F19B1A /* MASCompositeConstraint.m in Sources */,
				823F38221D068EE000F19B1A /* MASViewAttribute.m in Sources */,
				823F36F61CFEBEFE00F19B1A /* MyInfoViewController.m in Sources */,
				823F37751D0110F300F19B1A /* STPickerDate.m in Sources */,
				823F37BF1D05185400F19B1A /* DetailViewController.m in Sources */,
				823F36ED1CFEBE5600F19B1A /* CalculatorViewController.m in Sources */,
				823F37FA1D0670B600F19B1A /* IQPreviousNextView.m in Sources */,
				823F37BC1D05080700F19B1A /* UIView+MJExtension.m in Sources */,
				823F38241D068EE000F19B1A /* NSArray+MASAdditions.m in Sources */,
				823F37B31D05080700F19B1A /* MJRefreshBackNormalFooter.m in Sources */,
				823F37351D00239800F19B1A /* TYBaseAnimation.m in Sources */,
				823F37761D0110F300F19B1A /* STConst.m in Sources */,
				823F37AD1D05080700F19B1A /* MJRefreshFooter.m in Sources */,
				823F37371D00239800F19B1A /* UIView+TYAlertView.m in Sources */,
				827E9D751CFE87B1002F94EC /* TaskViewController.m in Sources */,
				823F37AE1D05080700F19B1A /* MJRefreshHeader.m in Sources */,
				823F38271D068EE000F19B1A /* ViewController+MASAdditions.m in Sources */,
				823F37F41D0670B600F19B1A /* IQUIViewController+Additions.m in Sources */,
				823F37B91D05080700F19B1A /* MJRefreshConst.m in Sources */,
				823F37321D00239800F19B1A /* TYAlertFadeAnimation.m in Sources */,
				823F377C1D01538900F19B1A /* ContactsTableViewCell.m in Sources */,
				827E9D331CFE848C002F94EC /* ViewController.m in Sources */,
				823F37F81D0670B600F19B1A /* IQTextView.m in Sources */,
				823F38231D068EE000F19B1A /* MASViewConstraint.m in Sources */,
				823F37B01D05080700F19B1A /* MJRefreshAutoNormalFooter.m in Sources */,
				827E9D6F1CFE876C002F94EC /* BaseViewController.m in Sources */,
				823F37FB1D0670B600F19B1A /* IQTitleBarButtonItem.m in Sources */,
				823F37311D00239800F19B1A /* TYAlertDropDownAnimation.m in Sources */,
				823F38211D068EE000F19B1A /* MASLayoutConstraint.m in Sources */,
				823F37781D0110F300F19B1A /* UIView+ST.m in Sources */,
				823F37301D00239800F19B1A /* TYAlertController.m in Sources */,
				823F37F31D0670B600F19B1A /* IQUIView+Hierarchy.m in Sources */,
				823F37B21D05080700F19B1A /* MJRefreshBackGifFooter.m in Sources */,
				823F37771D0110F300F19B1A /* STUI.m in Sources */,
				823F37AF1D05080700F19B1A /* MJRefreshAutoGifFooter.m in Sources */,
				823F37B51D05080700F19B1A /* MJRefreshGifHeader.m in Sources */,
				823F37AC1D05080700F19B1A /* MJRefreshComponent.m in Sources */,
				827E9D301CFE848C002F94EC /* AppDelegate.m in Sources */,
				823F37F11D0670B600F19B1A /* IQUIScrollView+Additions.m in Sources */,
				823F381F1D068EE000F19B1A /* MASConstraint.m in Sources */,
				823F36F31CFEBED800F19B1A /* ChangePwdViewController.m in Sources */,
				823F37BA1D05080700F19B1A /* UIScrollView+MJExtension.m in Sources */,
				823F37F61D0670B600F19B1A /* IQKeyboardManager.m in Sources */,
				823F38011D06753700F19B1A /* LoginViewController.m in Sources */,
				823F38251D068EE000F19B1A /* NSLayoutConstraint+MASDebugAdditions.m in Sources */,
				823F37F71D0670B600F19B1A /* IQKeyboardReturnKeyHandler.m in Sources */,
				823F37791D0110F300F19B1A /* STPickerView.m in Sources */,
				823F37F01D0670B600F19B1A /* IQNSArray+Sort.m in Sources */,
				823F37F91D0670B600F19B1A /* IQBarButtonItem.m in Sources */,
				823F36E71CFEBBB100F19B1A /* MyCustomersViewController.m in Sources */,
				823F37341D00239800F19B1A /* TYAlertView.m in Sources */,
				823F37AB1D05080700F19B1A /* MJRefreshBackFooter.m in Sources */,
				823F38261D068EE000F19B1A /* View+MASAdditions.m in Sources */,
				823F37B71D05080700F19B1A /* MJRefreshStateHeader.m in Sources */,
				823F372F1D00239800F19B1A /* TYAlertController+TransitionAnimate.m in Sources */,
				827E9D781CFE87BB002F94EC /* MoreViewController.m in Sources */,
				823F37F21D0670B600F19B1A /* IQUITextFieldView+Additions.m in Sources */,
				823F37331D00239800F19B1A /* TYAlertScaleFadeAnimation.m in Sources */,
				823F37FD1D0670B600F19B1A /* IQUIView+IQKeyboardToolbar.m in Sources */,
				823F371A1D000C3500F19B1A /* SeniorSearchViewController.m in Sources */,
				823F37F51D0670B600F19B1A /* IQUIWindow+Hierarchy.m in Sources */,
				823F37BB1D05080700F19B1A /* UIScrollView+MJRefresh.m in Sources */,
				827E9D2D1CFE848C002F94EC /* main.m in Sources */,
				823F37381D00239800F19B1A /* UIView+TYAutoLayout.m in Sources */,
				823F37B11D05080700F19B1A /* MJRefreshAutoStateFooter.m in Sources */,
				823F37AA1D05080700F19B1A /* MJRefreshAutoFooter.m in Sources */,
				823F38201D068EE000F19B1A /* MASConstraintMaker.m in Sources */,
				823F37361D00239800F19B1A /* TYShowAlertView.m in Sources */,
				823F37741D0110F300F19B1A /* NSCalendar+ST.m in Sources */,
				823F37FC1D0670B600F19B1A /* IQToolbar.m in Sources */,
			);
			runOnlyForDeploymentPostprocessing = 0;
		};
		827E9D3D1CFE848D002F94EC /* Sources */ = {
			isa = PBXSourcesBuildPhase;
			buildActionMask = 2147483647;
			files = (
				827E9D461CFE848D002F94EC /* EstateSalesTests.m in Sources */,
			);
			runOnlyForDeploymentPostprocessing = 0;
		};
		827E9D481CFE848D002F94EC /* Sources */ = {
			isa = PBXSourcesBuildPhase;
			buildActionMask = 2147483647;
			files = (
				827E9D511CFE848D002F94EC /* EstateSalesUITests.m in Sources */,
			);
			runOnlyForDeploymentPostprocessing = 0;
		};
/* End PBXSourcesBuildPhase section */

/* Begin PBXTargetDependency section */
		827E9D431CFE848D002F94EC /* PBXTargetDependency */ = {
			isa = PBXTargetDependency;
			target = 827E9D271CFE848C002F94EC /* EstateSales */;
			targetProxy = 827E9D421CFE848D002F94EC /* PBXContainerItemProxy */;
		};
		827E9D4E1CFE848D002F94EC /* PBXTargetDependency */ = {
			isa = PBXTargetDependency;
			target = 827E9D271CFE848C002F94EC /* EstateSales */;
			targetProxy = 827E9D4D1CFE848D002F94EC /* PBXContainerItemProxy */;
		};
/* End PBXTargetDependency section */

/* Begin PBXVariantGroup section */
		827E9D341CFE848C002F94EC /* Main.storyboard */ = {
			isa = PBXVariantGroup;
			children = (
				827E9D351CFE848C002F94EC /* Base */,
			);
			name = Main.storyboard;
			sourceTree = "<group>";
		};
		827E9D391CFE848C002F94EC /* LaunchScreen.storyboard */ = {
			isa = PBXVariantGroup;
			children = (
				827E9D3A1CFE848C002F94EC /* Base */,
			);
			name = LaunchScreen.storyboard;
			sourceTree = "<group>";
		};
/* End PBXVariantGroup section */

/* Begin XCBuildConfiguration section */
		827E9D531CFE848D002F94EC /* Debug */ = {
			isa = XCBuildConfiguration;
			buildSettings = {
				ALWAYS_SEARCH_USER_PATHS = NO;
				CLANG_ANALYZER_NONNULL = YES;
				CLANG_CXX_LANGUAGE_STANDARD = "gnu++0x";
				CLANG_CXX_LIBRARY = "libc++";
				CLANG_ENABLE_MODULES = YES;
				CLANG_ENABLE_OBJC_ARC = YES;
				CLANG_WARN_BOOL_CONVERSION = YES;
				CLANG_WARN_CONSTANT_CONVERSION = YES;
				CLANG_WARN_DIRECT_OBJC_ISA_USAGE = YES_ERROR;
				CLANG_WARN_EMPTY_BODY = YES;
				CLANG_WARN_ENUM_CONVERSION = YES;
				CLANG_WARN_INT_CONVERSION = YES;
				CLANG_WARN_OBJC_ROOT_CLASS = YES_ERROR;
				CLANG_WARN_UNREACHABLE_CODE = YES;
				CLANG_WARN__DUPLICATE_METHOD_MATCH = YES;
				"CODE_SIGN_IDENTITY[sdk=iphoneos*]" = "iPhone Developer";
				COPY_PHASE_STRIP = NO;
				DEBUG_INFORMATION_FORMAT = dwarf;
				ENABLE_STRICT_OBJC_MSGSEND = YES;
				ENABLE_TESTABILITY = YES;
				GCC_C_LANGUAGE_STANDARD = gnu99;
				GCC_DYNAMIC_NO_PIC = NO;
				GCC_NO_COMMON_BLOCKS = YES;
				GCC_OPTIMIZATION_LEVEL = 0;
				GCC_PREPROCESSOR_DEFINITIONS = (
					"DEBUG=1",
					"$(inherited)",
				);
				GCC_WARN_64_TO_32_BIT_CONVERSION = YES;
				GCC_WARN_ABOUT_RETURN_TYPE = YES_ERROR;
				GCC_WARN_UNDECLARED_SELECTOR = YES;
				GCC_WARN_UNINITIALIZED_AUTOS = YES_AGGRESSIVE;
				GCC_WARN_UNUSED_FUNCTION = YES;
				GCC_WARN_UNUSED_VARIABLE = YES;
				IPHONEOS_DEPLOYMENT_TARGET = 9.3;
				MTL_ENABLE_DEBUG_INFO = YES;
				ONLY_ACTIVE_ARCH = YES;
				SDKROOT = iphoneos;
			};
			name = Debug;
		};
		827E9D541CFE848D002F94EC /* Release */ = {
			isa = XCBuildConfiguration;
			buildSettings = {
				ALWAYS_SEARCH_USER_PATHS = NO;
				CLANG_ANALYZER_NONNULL = YES;
				CLANG_CXX_LANGUAGE_STANDARD = "gnu++0x";
				CLANG_CXX_LIBRARY = "libc++";
				CLANG_ENABLE_MODULES = YES;
				CLANG_ENABLE_OBJC_ARC = YES;
				CLANG_WARN_BOOL_CONVERSION = YES;
				CLANG_WARN_CONSTANT_CONVERSION = YES;
				CLANG_WARN_DIRECT_OBJC_ISA_USAGE = YES_ERROR;
				CLANG_WARN_EMPTY_BODY = YES;
				CLANG_WARN_ENUM_CONVERSION = YES;
				CLANG_WARN_INT_CONVERSION = YES;
				CLANG_WARN_OBJC_ROOT_CLASS = YES_ERROR;
				CLANG_WARN_UNREACHABLE_CODE = YES;
				CLANG_WARN__DUPLICATE_METHOD_MATCH = YES;
				"CODE_SIGN_IDENTITY[sdk=iphoneos*]" = "iPhone Developer";
				COPY_PHASE_STRIP = NO;
				DEBUG_INFORMATION_FORMAT = "dwarf-with-dsym";
				ENABLE_NS_ASSERTIONS = NO;
				ENABLE_STRICT_OBJC_MSGSEND = YES;
				GCC_C_LANGUAGE_STANDARD = gnu99;
				GCC_NO_COMMON_BLOCKS = YES;
				GCC_WARN_64_TO_32_BIT_CONVERSION = YES;
				GCC_WARN_ABOUT_RETURN_TYPE = YES_ERROR;
				GCC_WARN_UNDECLARED_SELECTOR = YES;
				GCC_WARN_UNINITIALIZED_AUTOS = YES_AGGRESSIVE;
				GCC_WARN_UNUSED_FUNCTION = YES;
				GCC_WARN_UNUSED_VARIABLE = YES;
				IPHONEOS_DEPLOYMENT_TARGET = 9.3;
				MTL_ENABLE_DEBUG_INFO = NO;
				SDKROOT = iphoneos;
				VALIDATE_PRODUCT = YES;
			};
			name = Release;
		};
		827E9D561CFE848D002F94EC /* Debug */ = {
			isa = XCBuildConfiguration;
			buildSettings = {
				ASSETCATALOG_COMPILER_APPICON_NAME = AppIcon;
				GCC_PREFIX_HEADER = EstateSales/pch.pch;
				INFOPLIST_FILE = EstateSales/Info.plist;
				LD_RUNPATH_SEARCH_PATHS = "$(inherited) @executable_path/Frameworks";
				PRODUCT_BUNDLE_IDENTIFIER = easiio.EstateSales;
				PRODUCT_NAME = "$(TARGET_NAME)";
			};
			name = Debug;
		};
		827E9D571CFE848D002F94EC /* Release */ = {
			isa = XCBuildConfiguration;
			buildSettings = {
				ASSETCATALOG_COMPILER_APPICON_NAME = AppIcon;
				GCC_PREFIX_HEADER = EstateSales/pch.pch;
				INFOPLIST_FILE = EstateSales/Info.plist;
				LD_RUNPATH_SEARCH_PATHS = "$(inherited) @executable_path/Frameworks";
				PRODUCT_BUNDLE_IDENTIFIER = easiio.EstateSales;
				PRODUCT_NAME = "$(TARGET_NAME)";
			};
			name = Release;
		};
		827E9D591CFE848D002F94EC /* Debug */ = {
			isa = XCBuildConfiguration;
			buildSettings = {
				BUNDLE_LOADER = "$(TEST_HOST)";
				GCC_PREFIX_HEADER = "";
				INFOPLIST_FILE = EstateSalesTests/Info.plist;
				LD_RUNPATH_SEARCH_PATHS = "$(inherited) @executable_path/Frameworks @loader_path/Frameworks";
				PRODUCT_BUNDLE_IDENTIFIER = easiio.EstateSalesTests;
				PRODUCT_NAME = "$(TARGET_NAME)";
				TEST_HOST = "$(BUILT_PRODUCTS_DIR)/EstateSales.app/EstateSales";
			};
			name = Debug;
		};
		827E9D5A1CFE848D002F94EC /* Release */ = {
			isa = XCBuildConfiguration;
			buildSettings = {
				BUNDLE_LOADER = "$(TEST_HOST)";
				GCC_PREFIX_HEADER = "";
				INFOPLIST_FILE = EstateSalesTests/Info.plist;
				LD_RUNPATH_SEARCH_PATHS = "$(inherited) @executable_path/Frameworks @loader_path/Frameworks";
				PRODUCT_BUNDLE_IDENTIFIER = easiio.EstateSalesTests;
				PRODUCT_NAME = "$(TARGET_NAME)";
				TEST_HOST = "$(BUILT_PRODUCTS_DIR)/EstateSales.app/EstateSales";
			};
			name = Release;
		};
		827E9D5C1CFE848D002F94EC /* Debug */ = {
			isa = XCBuildConfiguration;
			buildSettings = {
				INFOPLIST_FILE = EstateSalesUITests/Info.plist;
				LD_RUNPATH_SEARCH_PATHS = "$(inherited) @executable_path/Frameworks @loader_path/Frameworks";
				PRODUCT_BUNDLE_IDENTIFIER = easiio.EstateSalesUITests;
				PRODUCT_NAME = "$(TARGET_NAME)";
				TEST_TARGET_NAME = EstateSales;
			};
			name = Debug;
		};
		827E9D5D1CFE848D002F94EC /* Release */ = {
			isa = XCBuildConfiguration;
			buildSettings = {
				INFOPLIST_FILE = EstateSalesUITests/Info.plist;
				LD_RUNPATH_SEARCH_PATHS = "$(inherited) @executable_path/Frameworks @loader_path/Frameworks";
				PRODUCT_BUNDLE_IDENTIFIER = easiio.EstateSalesUITests;
				PRODUCT_NAME = "$(TARGET_NAME)";
				TEST_TARGET_NAME = EstateSales;
			};
			name = Release;
		};
/* End XCBuildConfiguration section */

/* Begin XCConfigurationList section */
		827E9D231CFE848C002F94EC /* Build configuration list for PBXProject "EstateSales" */ = {
			isa = XCConfigurationList;
			buildConfigurations = (
				827E9D531CFE848D002F94EC /* Debug */,
				827E9D541CFE848D002F94EC /* Release */,
			);
			defaultConfigurationIsVisible = 0;
			defaultConfigurationName = Release;
		};
		827E9D551CFE848D002F94EC /* Build configuration list for PBXNativeTarget "EstateSales" */ = {
			isa = XCConfigurationList;
			buildConfigurations = (
				827E9D561CFE848D002F94EC /* Debug */,
				827E9D571CFE848D002F94EC /* Release */,
			);
			defaultConfigurationIsVisible = 0;
			defaultConfigurationName = Release;
		};
		827E9D581CFE848D002F94EC /* Build configuration list for PBXNativeTarget "EstateSalesTests" */ = {
			isa = XCConfigurationList;
			buildConfigurations = (
				827E9D591CFE848D002F94EC /* Debug */,
				827E9D5A1CFE848D002F94EC /* Release */,
			);
			defaultConfigurationIsVisible = 0;
			defaultConfigurationName = Release;
		};
		827E9D5B1CFE848D002F94EC /* Build configuration list for PBXNativeTarget "EstateSalesUITests" */ = {
			isa = XCConfigurationList;
			buildConfigurations = (
				827E9D5C1CFE848D002F94EC /* Debug */,
				827E9D5D1CFE848D002F94EC /* Release */,
			);
			defaultConfigurationIsVisible = 0;
			defaultConfigurationName = Release;
		};
/* End XCConfigurationList section */
	};
	rootObject = 827E9D201CFE848C002F94EC /* Project object */;
}
